Microsoft Visual Studio Solution File, Format Version 8.00
Project("{8BC9CEB8-8B4A-11D0-8D11-00A0C91BC942}") = "llcommon", "..\llcommon\llcommon.vcproj", "{7BCB4B2C-8378-4186-88EA-5742B5ABE17F}"
	ProjectSection(ProjectDependencies) = postProject
	EndProjectSection
EndProject
Project("{8BC9CEB8-8B4A-11D0-8D11-00A0C91BC942}") = "llmath", "..\llmath\llmath.vcproj", "{E87FD9BE-BE42-4EA3-BF4D-D992223046D9}"
	ProjectSection(ProjectDependencies) = postProject
	EndProjectSection
EndProject
Project("{8BC9CEB8-8B4A-11D0-8D11-00A0C91BC942}") = "llmessage", "..\llmessage\llmessage.vcproj", "{E5D94794-5671-4BD6-A16D-26EC18F3DB34}"
	ProjectSection(ProjectDependencies) = postProject
	EndProjectSection
EndProject
Project("{8BC9CEB8-8B4A-11D0-8D11-00A0C91BC942}") = "llvfs", "..\llvfs\llvfs.vcproj", "{D37774F4-253D-4760-BF64-372A943224A1}"
	ProjectSection(ProjectDependencies) = postProject
	EndProjectSection
EndProject
Project("{8BC9CEB8-8B4A-11D0-8D11-00A0C91BC942}") = "llxml", "..\llxml\llxml.vcproj", "{A5470DA6-0C3A-4602-B930-43DB25511A59}"
	ProjectSection(ProjectDependencies) = postProject
	EndProjectSection
EndProject
Project("{8BC9CEB8-8B4A-11D0-8D11-00A0C91BC942}") = "llui", "..\llui\llui.vcproj", "{DE55D666-6A3D-476C-937F-109269B83681}"
	ProjectSection(ProjectDependencies) = postProject
	EndProjectSection
EndProject
Project("{8BC9CEB8-8B4A-11D0-8D11-00A0C91BC942}") = "llimage", "..\llimage\llimage.vcproj", "{681FDD6C-2FAE-4CB9-AF6D-B952F2B151C5}"
	ProjectSection(ProjectDependencies) = postProject
	EndProjectSection
EndProject
Project("{8BC9CEB8-8B4A-11D0-8D11-00A0C91BC942}") = "llprimitive", "..\llprimitive\llprimitive.vcproj", "{FCC4483C-5B84-4944-B91F-4589A219BC0B}"
	ProjectSection(ProjectDependencies) = postProject
	EndProjectSection
EndProject
Project("{8BC9CEB8-8B4A-11D0-8D11-00A0C91BC942}") = "llcharacter", "..\llcharacter\llcharacter.vcproj", "{5EA5DDF0-C7E1-4F49-BEF5-9246A4656B2E}"
	ProjectSection(ProjectDependencies) = postProject
	EndProjectSection
EndProject
Project("{8BC9CEB8-8B4A-11D0-8D11-00A0C91BC942}") = "llaudio", "..\llaudio\llaudio.vcproj", "{93B2BA29-FBE9-4376-92C1-6108DCFE09D3}"
	ProjectSection(ProjectDependencies) = postProject
	EndProjectSection
EndProject
Project("{8BC9CEB8-8B4A-11D0-8D11-00A0C91BC942}") = "llrender", "..\llrender\llrender.vcproj", "{2ADE3C14-94C4-40BF-B033-70F3C954EE90}"
	ProjectSection(ProjectDependencies) = postProject
	EndProjectSection
EndProject
Project("{8BC9CEB8-8B4A-11D0-8D11-00A0C91BC942}") = "llinventory", "..\llinventory\llinventory.vcproj", "{328D1968-924F-4863-AAE8-5F9A95BA68E5}"
	ProjectSection(ProjectDependencies) = postProject
	EndProjectSection
EndProject
Project("{8BC9CEB8-8B4A-11D0-8D11-00A0C91BC942}") = "newview", "..\newview\newview.vcproj", "{E6F4CF1B-6109-4CA8-B58D-87FA936CDE08}"
	ProjectSection(ProjectDependencies) = postProject
		{9D0C7E02-6506-4EE7-BC5C-75671D28D594} = {9D0C7E02-6506-4EE7-BC5C-75671D28D594}
		{2ADE3C14-94C4-40BF-B033-70F3C954EE90} = {2ADE3C14-94C4-40BF-B033-70F3C954EE90}
		{B5B53617-416F-404A-BF10-22EBCCA0E4FB} = {B5B53617-416F-404A-BF10-22EBCCA0E4FB}
		{93B2BA29-FBE9-4376-92C1-6108DCFE09D3} = {93B2BA29-FBE9-4376-92C1-6108DCFE09D3}
		{7BCB4B2C-8378-4186-88EA-5742B5ABE17F} = {7BCB4B2C-8378-4186-88EA-5742B5ABE17F}
		{E928F33B-E090-4FA8-818B-6B5D8B0F1F4B} = {E928F33B-E090-4FA8-818B-6B5D8B0F1F4B}
		{FCC4483C-5B84-4944-B91F-4589A219BC0B} = {FCC4483C-5B84-4944-B91F-4589A219BC0B}
		{F882263E-4F2A-43D9-A45A-FA4C8EC66552} = {F882263E-4F2A-43D9-A45A-FA4C8EC66552}
		{076DD042-2E58-42EA-9401-53210B65C1FC} = {076DD042-2E58-42EA-9401-53210B65C1FC}
		{DE55D666-6A3D-476C-937F-109269B83681} = {DE55D666-6A3D-476C-937F-109269B83681}
		{328D1968-924F-4863-AAE8-5F9A95BA68E5} = {328D1968-924F-4863-AAE8-5F9A95BA68E5}
		{681FDD6C-2FAE-4CB9-AF6D-B952F2B151C5} = {681FDD6C-2FAE-4CB9-AF6D-B952F2B151C5}
		{B771CF1B-E253-47BD-8B0A-6B0440CC9228} = {B771CF1B-E253-47BD-8B0A-6B0440CC9228}
		{44CE6D82-7320-4609-8FC3-5965C19F4808} = {44CE6D82-7320-4609-8FC3-5965C19F4808}
		{E5D94794-5671-4BD6-A16D-26EC18F3DB34} = {E5D94794-5671-4BD6-A16D-26EC18F3DB34}
		{A5470DA6-0C3A-4602-B930-43DB25511A59} = {A5470DA6-0C3A-4602-B930-43DB25511A59}
		{BFA102B0-C891-4E13-B1CF-C2F28073DA8E} = {BFA102B0-C891-4E13-B1CF-C2F28073DA8E}
		{E87FD9BE-BE42-4EA3-BF4D-D992223046D9} = {E87FD9BE-BE42-4EA3-BF4D-D992223046D9}
		{4C8D64D5-649F-481E-96BE-EF1E82A77ACB} = {4C8D64D5-649F-481E-96BE-EF1E82A77ACB}
		{5EA5DDF0-C7E1-4F49-BEF5-9246A4656B2E} = {5EA5DDF0-C7E1-4F49-BEF5-9246A4656B2E}
		{648685F3-8760-4CC5-BB2B-CAF9DECC25A4} = {648685F3-8760-4CC5-BB2B-CAF9DECC25A4}
		{D37774F4-253D-4760-BF64-372A943224A1} = {D37774F4-253D-4760-BF64-372A943224A1}
	EndProjectSection
EndProject
	ProjectSection(ProjectDependencies) = postProject
	EndProjectSection
EndProject
Project("{8BC9CEB8-8B4A-11D0-8D11-00A0C91BC942}") = "llwindow", "..\llwindow\llwindow.vcproj", "{B5B53617-416F-404A-BF10-22EBCCA0E4FB}"
	ProjectSection(ProjectDependencies) = postProject
		{A5470DA6-0C3A-4602-B930-43DB25511A59} = {A5470DA6-0C3A-4602-B930-43DB25511A59}
	EndProjectSection
EndProject
Project("{8BC9CEB8-8B4A-11D0-8D11-00A0C91BC942}") = "lscript_library", "..\lscript\lscript_library\lscript_library.vcproj", "{BFA102B0-C891-4E13-B1CF-C2F28073DA8E}"
	ProjectSection(ProjectDependencies) = postProject
	EndProjectSection
EndProject
Project("{8BC9CEB8-8B4A-11D0-8D11-00A0C91BC942}") = "lscript_execute", "..\lscript\lscript_execute\lscript_execute.vcproj", "{F882263E-4F2A-43D9-A45A-FA4C8EC66552}"
	ProjectSection(ProjectDependencies) = postProject
		{BFA102B0-C891-4E13-B1CF-C2F28073DA8E} = {BFA102B0-C891-4E13-B1CF-C2F28073DA8E}
	EndProjectSection
EndProject
Project("{8BC9CEB8-8B4A-11D0-8D11-00A0C91BC942}") = "lscript_compile", "..\lscript\lscript_compile\lscript_compile.vcproj", "{44CE6D82-7320-4609-8FC3-5965C19F4808}"
	ProjectSection(ProjectDependencies) = postProject
		{B771CF1B-E253-47BD-8B0A-6B0440CC9228} = {B771CF1B-E253-47BD-8B0A-6B0440CC9228}
		{BFA102B0-C891-4E13-B1CF-C2F28073DA8E} = {BFA102B0-C891-4E13-B1CF-C2F28073DA8E}
	EndProjectSection
EndProject
	ProjectSection(ProjectDependencies) = postProject
		{AF2D801E-EEE7-4B52-A025-F8E648ADC34B} = {AF2D801E-EEE7-4B52-A025-F8E648ADC34B}
		{7BCB4B2C-8378-4186-88EA-5742B5ABE17F} = {7BCB4B2C-8378-4186-88EA-5742B5ABE17F}
		{FCC4483C-5B84-4944-B91F-4589A219BC0B} = {FCC4483C-5B84-4944-B91F-4589A219BC0B}
		{F882263E-4F2A-43D9-A45A-FA4C8EC66552} = {F882263E-4F2A-43D9-A45A-FA4C8EC66552}
		{4B19F64E-AB97-4FB9-8E1D-74A8104DE0C4} = {4B19F64E-AB97-4FB9-8E1D-74A8104DE0C4}
		{328D1968-924F-4863-AAE8-5F9A95BA68E5} = {328D1968-924F-4863-AAE8-5F9A95BA68E5}
		{681FDD6C-2FAE-4CB9-AF6D-B952F2B151C5} = {681FDD6C-2FAE-4CB9-AF6D-B952F2B151C5}
		{44CE6D82-7320-4609-8FC3-5965C19F4808} = {44CE6D82-7320-4609-8FC3-5965C19F4808}
		{E5D94794-5671-4BD6-A16D-26EC18F3DB34} = {E5D94794-5671-4BD6-A16D-26EC18F3DB34}
		{A5470DA6-0C3A-4602-B930-43DB25511A59} = {A5470DA6-0C3A-4602-B930-43DB25511A59}
		{BFA102B0-C891-4E13-B1CF-C2F28073DA8E} = {BFA102B0-C891-4E13-B1CF-C2F28073DA8E}
		{E87FD9BE-BE42-4EA3-BF4D-D992223046D9} = {E87FD9BE-BE42-4EA3-BF4D-D992223046D9}
		{B4B838C7-2C72-428E-BBFD-25764E659A8B} = {B4B838C7-2C72-428E-BBFD-25764E659A8B}
		{5EA5DDF0-C7E1-4F49-BEF5-9246A4656B2E} = {5EA5DDF0-C7E1-4F49-BEF5-9246A4656B2E}
		{D37774F4-253D-4760-BF64-372A943224A1} = {D37774F4-253D-4760-BF64-372A943224A1}
		{020311F7-3DAB-4D93-9CE5-6D3926FD15FE} = {020311F7-3DAB-4D93-9CE5-6D3926FD15FE}
	EndProjectSection
EndProject
	ProjectSection(ProjectDependencies) = postProject
		{7BCB4B2C-8378-4186-88EA-5742B5ABE17F} = {7BCB4B2C-8378-4186-88EA-5742B5ABE17F}
		{4B19F64E-AB97-4FB9-8E1D-74A8104DE0C4} = {4B19F64E-AB97-4FB9-8E1D-74A8104DE0C4}
		{E5D94794-5671-4BD6-A16D-26EC18F3DB34} = {E5D94794-5671-4BD6-A16D-26EC18F3DB34}
		{E87FD9BE-BE42-4EA3-BF4D-D992223046D9} = {E87FD9BE-BE42-4EA3-BF4D-D992223046D9}
		{D37774F4-253D-4760-BF64-372A943224A1} = {D37774F4-253D-4760-BF64-372A943224A1}
	EndProjectSection
EndProject
	ProjectSection(ProjectDependencies) = postProject
		{7BCB4B2C-8378-4186-88EA-5742B5ABE17F} = {7BCB4B2C-8378-4186-88EA-5742B5ABE17F}
		{4B19F64E-AB97-4FB9-8E1D-74A8104DE0C4} = {4B19F64E-AB97-4FB9-8E1D-74A8104DE0C4}
		{328D1968-924F-4863-AAE8-5F9A95BA68E5} = {328D1968-924F-4863-AAE8-5F9A95BA68E5}
		{E5D94794-5671-4BD6-A16D-26EC18F3DB34} = {E5D94794-5671-4BD6-A16D-26EC18F3DB34}
		{A5470DA6-0C3A-4602-B930-43DB25511A59} = {A5470DA6-0C3A-4602-B930-43DB25511A59}
		{E87FD9BE-BE42-4EA3-BF4D-D992223046D9} = {E87FD9BE-BE42-4EA3-BF4D-D992223046D9}
		{B4B838C7-2C72-428E-BBFD-25764E659A8B} = {B4B838C7-2C72-428E-BBFD-25764E659A8B}
		{5EA5DDF0-C7E1-4F49-BEF5-9246A4656B2E} = {5EA5DDF0-C7E1-4F49-BEF5-9246A4656B2E}
		{D37774F4-253D-4760-BF64-372A943224A1} = {D37774F4-253D-4760-BF64-372A943224A1}
	EndProjectSection
EndProject
Project("{8BC9CEB8-8B4A-11D0-8D11-00A0C91BC942}") = "lscript_compile_fb", "..\lscript\lscript_compile\lscript_compile_fb.vcproj", "{B771CF1B-E253-47BD-8B0A-6B0440CC9228}"
	ProjectSection(ProjectDependencies) = postProject
	EndProjectSection
EndProject
	ProjectSection(ProjectDependencies) = postProject
		{7BCB4B2C-8378-4186-88EA-5742B5ABE17F} = {7BCB4B2C-8378-4186-88EA-5742B5ABE17F}
		{44CE6D82-7320-4609-8FC3-5965C19F4808} = {44CE6D82-7320-4609-8FC3-5965C19F4808}
		{BFA102B0-C891-4E13-B1CF-C2F28073DA8E} = {BFA102B0-C891-4E13-B1CF-C2F28073DA8E}
		{E87FD9BE-BE42-4EA3-BF4D-D992223046D9} = {E87FD9BE-BE42-4EA3-BF4D-D992223046D9}
	EndProjectSection
EndProject
	ProjectSection(ProjectDependencies) = postProject
		{7BCB4B2C-8378-4186-88EA-5742B5ABE17F} = {7BCB4B2C-8378-4186-88EA-5742B5ABE17F}
		{F882263E-4F2A-43D9-A45A-FA4C8EC66552} = {F882263E-4F2A-43D9-A45A-FA4C8EC66552}
		{BFA102B0-C891-4E13-B1CF-C2F28073DA8E} = {BFA102B0-C891-4E13-B1CF-C2F28073DA8E}
		{E87FD9BE-BE42-4EA3-BF4D-D992223046D9} = {E87FD9BE-BE42-4EA3-BF4D-D992223046D9}
	EndProjectSection
EndProject
Project("{8BC9CEB8-8B4A-11D0-8D11-00A0C91BC942}") = "win_crash_logger", "..\win_crash_logger\win_crash_logger.vcproj", "{648685F3-8760-4CC5-BB2B-CAF9DECC25A4}"
	ProjectSection(ProjectDependencies) = postProject
		{B5B53617-416F-404A-BF10-22EBCCA0E4FB} = {B5B53617-416F-404A-BF10-22EBCCA0E4FB}
		{7BCB4B2C-8378-4186-88EA-5742B5ABE17F} = {7BCB4B2C-8378-4186-88EA-5742B5ABE17F}
		{E5D94794-5671-4BD6-A16D-26EC18F3DB34} = {E5D94794-5671-4BD6-A16D-26EC18F3DB34}
		{A5470DA6-0C3A-4602-B930-43DB25511A59} = {A5470DA6-0C3A-4602-B930-43DB25511A59}
		{E87FD9BE-BE42-4EA3-BF4D-D992223046D9} = {E87FD9BE-BE42-4EA3-BF4D-D992223046D9}
		{D37774F4-253D-4760-BF64-372A943224A1} = {D37774F4-253D-4760-BF64-372A943224A1}
	EndProjectSection
EndProject
Project("{8BC9CEB8-8B4A-11D0-8D11-00A0C91BC942}") = "win_updater", "..\win_updater\win_updater.vcproj", "{E928F33B-E090-4FA8-818B-6B5D8B0F1F4B}"
	ProjectSection(ProjectDependencies) = postProject
	EndProjectSection
EndProject
	ProjectSection(ProjectDependencies) = postProject
		{7BCB4B2C-8378-4186-88EA-5742B5ABE17F} = {7BCB4B2C-8378-4186-88EA-5742B5ABE17F}
	EndProjectSection
EndProject
Project("{8BC9CEB8-8B4A-11D0-8D11-00A0C91BC942}") = "llmedia", "..\llmedia\llmedia.vcproj", "{9D0C7E02-6506-4EE7-BC5C-75671D28D594}"
	ProjectSection(ProjectDependencies) = postProject
	EndProjectSection
EndProject
	ProjectSection(ProjectDependencies) = postProject
	EndProjectSection
EndProject
Project("{8BC9CEB8-8B4A-11D0-8D11-00A0C91BC942}") = "test", "..\test\test.vcproj", "{BBAA6588-CA96-4A87-A988-B02270B8D02B}"
	ProjectSection(ProjectDependencies) = postProject
		{7BCB4B2C-8378-4186-88EA-5742B5ABE17F} = {7BCB4B2C-8378-4186-88EA-5742B5ABE17F}
		{FCC4483C-5B84-4944-B91F-4589A219BC0B} = {FCC4483C-5B84-4944-B91F-4589A219BC0B}
		{F882263E-4F2A-43D9-A45A-FA4C8EC66552} = {F882263E-4F2A-43D9-A45A-FA4C8EC66552}
		{4B19F64E-AB97-4FB9-8E1D-74A8104DE0C4} = {4B19F64E-AB97-4FB9-8E1D-74A8104DE0C4}
		{328D1968-924F-4863-AAE8-5F9A95BA68E5} = {328D1968-924F-4863-AAE8-5F9A95BA68E5}
		{B771CF1B-E253-47BD-8B0A-6B0440CC9228} = {B771CF1B-E253-47BD-8B0A-6B0440CC9228}
		{44CE6D82-7320-4609-8FC3-5965C19F4808} = {44CE6D82-7320-4609-8FC3-5965C19F4808}
		{E5D94794-5671-4BD6-A16D-26EC18F3DB34} = {E5D94794-5671-4BD6-A16D-26EC18F3DB34}
		{EC2A989E-3F8F-4B8B-9AE6-7C7EA37C84BC} = {EC2A989E-3F8F-4B8B-9AE6-7C7EA37C84BC}
		{A5470DA6-0C3A-4602-B930-43DB25511A59} = {A5470DA6-0C3A-4602-B930-43DB25511A59}
		{BFA102B0-C891-4E13-B1CF-C2F28073DA8E} = {BFA102B0-C891-4E13-B1CF-C2F28073DA8E}
		{777F38BE-2DFE-4051-9AAD-2832ABC474CC} = {777F38BE-2DFE-4051-9AAD-2832ABC474CC}
		{E87FD9BE-BE42-4EA3-BF4D-D992223046D9} = {E87FD9BE-BE42-4EA3-BF4D-D992223046D9}
		{D37774F4-253D-4760-BF64-372A943224A1} = {D37774F4-253D-4760-BF64-372A943224A1}
		{020311F7-3DAB-4D93-9CE5-6D3926FD15FE} = {020311F7-3DAB-4D93-9CE5-6D3926FD15FE}
	EndProjectSection
EndProject
	ProjectSection(ProjectDependencies) = postProject
		{2ADE3C14-94C4-40BF-B033-70F3C954EE90} = {2ADE3C14-94C4-40BF-B033-70F3C954EE90}
		{B5B53617-416F-404A-BF10-22EBCCA0E4FB} = {B5B53617-416F-404A-BF10-22EBCCA0E4FB}
		{AF2D801E-EEE7-4B52-A025-F8E648ADC34B} = {AF2D801E-EEE7-4B52-A025-F8E648ADC34B}
		{7BCB4B2C-8378-4186-88EA-5742B5ABE17F} = {7BCB4B2C-8378-4186-88EA-5742B5ABE17F}
		{FCC4483C-5B84-4944-B91F-4589A219BC0B} = {FCC4483C-5B84-4944-B91F-4589A219BC0B}
		{4B19F64E-AB97-4FB9-8E1D-74A8104DE0C4} = {4B19F64E-AB97-4FB9-8E1D-74A8104DE0C4}
		{E5D94794-5671-4BD6-A16D-26EC18F3DB34} = {E5D94794-5671-4BD6-A16D-26EC18F3DB34}
		{E87FD9BE-BE42-4EA3-BF4D-D992223046D9} = {E87FD9BE-BE42-4EA3-BF4D-D992223046D9}
		{D37774F4-253D-4760-BF64-372A943224A1} = {D37774F4-253D-4760-BF64-372A943224A1}
	EndProjectSection
EndProject
	ProjectSection(ProjectDependencies) = postProject
		{7BCB4B2C-8378-4186-88EA-5742B5ABE17F} = {7BCB4B2C-8378-4186-88EA-5742B5ABE17F}
	EndProjectSection
EndProject
	ProjectSection(ProjectDependencies) = postProject
		{7BCB4B2C-8378-4186-88EA-5742B5ABE17F} = {7BCB4B2C-8378-4186-88EA-5742B5ABE17F}
		{4B19F64E-AB97-4FB9-8E1D-74A8104DE0C4} = {4B19F64E-AB97-4FB9-8E1D-74A8104DE0C4}
		{E5D94794-5671-4BD6-A16D-26EC18F3DB34} = {E5D94794-5671-4BD6-A16D-26EC18F3DB34}
		{E87FD9BE-BE42-4EA3-BF4D-D992223046D9} = {E87FD9BE-BE42-4EA3-BF4D-D992223046D9}
		{D37774F4-253D-4760-BF64-372A943224A1} = {D37774F4-253D-4760-BF64-372A943224A1}
	EndProjectSection
EndProject
	ProjectSection(ProjectDependencies) = postProject
		{7BCB4B2C-8378-4186-88EA-5742B5ABE17F} = {7BCB4B2C-8378-4186-88EA-5742B5ABE17F}
		{681FDD6C-2FAE-4CB9-AF6D-B952F2B151C5} = {681FDD6C-2FAE-4CB9-AF6D-B952F2B151C5}
		{E87FD9BE-BE42-4EA3-BF4D-D992223046D9} = {E87FD9BE-BE42-4EA3-BF4D-D992223046D9}
		{D37774F4-253D-4760-BF64-372A943224A1} = {D37774F4-253D-4760-BF64-372A943224A1}
	EndProjectSection
EndProject
	ProjectSection(ProjectDependencies) = postProject
		{7BCB4B2C-8378-4186-88EA-5742B5ABE17F} = {7BCB4B2C-8378-4186-88EA-5742B5ABE17F}
		{681FDD6C-2FAE-4CB9-AF6D-B952F2B151C5} = {681FDD6C-2FAE-4CB9-AF6D-B952F2B151C5}
		{E87FD9BE-BE42-4EA3-BF4D-D992223046D9} = {E87FD9BE-BE42-4EA3-BF4D-D992223046D9}
	EndProjectSection
EndProject
Project("{8BC9CEB8-8B4A-11D0-8D11-00A0C91BC942}") = "llimagej2coj", "..\llimagej2coj\llimagej2coj.vcproj", "{4C8D64D5-649F-481E-96BE-EF1E82A77ACB}"
	ProjectSection(ProjectDependencies) = postProject
	EndProjectSection
EndProject
Global
	GlobalSection(SolutionConfiguration) = preSolution
		Debug = Debug
		DebugMesaHeadless = DebugMesaHeadless
		Release = Release
		ReleaseForDownload = ReleaseForDownload
		ReleaseNoOpt = ReleaseNoOpt
	EndGlobalSection
	GlobalSection(ProjectDependencies) = postSolution
	EndGlobalSection
	GlobalSection(ProjectConfiguration) = postSolution
		{7BCB4B2C-8378-4186-88EA-5742B5ABE17F}.Debug.ActiveCfg = Debug|Win32
		{7BCB4B2C-8378-4186-88EA-5742B5ABE17F}.Debug.Build.0 = Debug|Win32
		{7BCB4B2C-8378-4186-88EA-5742B5ABE17F}.DebugMesaHeadless.ActiveCfg = Debug|Win32
		{7BCB4B2C-8378-4186-88EA-5742B5ABE17F}.Release.ActiveCfg = Release|Win32
		{7BCB4B2C-8378-4186-88EA-5742B5ABE17F}.Release.Build.0 = Release|Win32
		{7BCB4B2C-8378-4186-88EA-5742B5ABE17F}.ReleaseForDownload.ActiveCfg = Release|Win32
		{7BCB4B2C-8378-4186-88EA-5742B5ABE17F}.ReleaseForDownload.Build.0 = Release|Win32
		{7BCB4B2C-8378-4186-88EA-5742B5ABE17F}.ReleaseNoOpt.ActiveCfg = ReleaseNoOpt|Win32
		{7BCB4B2C-8378-4186-88EA-5742B5ABE17F}.ReleaseNoOpt.Build.0 = ReleaseNoOpt|Win32
		{E87FD9BE-BE42-4EA3-BF4D-D992223046D9}.Debug.ActiveCfg = Debug|Win32
		{E87FD9BE-BE42-4EA3-BF4D-D992223046D9}.Debug.Build.0 = Debug|Win32
		{E87FD9BE-BE42-4EA3-BF4D-D992223046D9}.DebugMesaHeadless.ActiveCfg = Debug|Win32
		{E87FD9BE-BE42-4EA3-BF4D-D992223046D9}.Release.ActiveCfg = Release|Win32
		{E87FD9BE-BE42-4EA3-BF4D-D992223046D9}.Release.Build.0 = Release|Win32
		{E87FD9BE-BE42-4EA3-BF4D-D992223046D9}.ReleaseForDownload.ActiveCfg = Release|Win32
		{E87FD9BE-BE42-4EA3-BF4D-D992223046D9}.ReleaseForDownload.Build.0 = Release|Win32
		{E87FD9BE-BE42-4EA3-BF4D-D992223046D9}.ReleaseNoOpt.ActiveCfg = ReleaseNoOpt|Win32
		{E87FD9BE-BE42-4EA3-BF4D-D992223046D9}.ReleaseNoOpt.Build.0 = ReleaseNoOpt|Win32
		{E5D94794-5671-4BD6-A16D-26EC18F3DB34}.Debug.ActiveCfg = Debug|Win32
		{E5D94794-5671-4BD6-A16D-26EC18F3DB34}.Debug.Build.0 = Debug|Win32
		{E5D94794-5671-4BD6-A16D-26EC18F3DB34}.DebugMesaHeadless.ActiveCfg = Debug|Win32
		{E5D94794-5671-4BD6-A16D-26EC18F3DB34}.Release.ActiveCfg = Release|Win32
		{E5D94794-5671-4BD6-A16D-26EC18F3DB34}.Release.Build.0 = Release|Win32
		{E5D94794-5671-4BD6-A16D-26EC18F3DB34}.ReleaseForDownload.ActiveCfg = Release|Win32
		{E5D94794-5671-4BD6-A16D-26EC18F3DB34}.ReleaseForDownload.Build.0 = Release|Win32
		{E5D94794-5671-4BD6-A16D-26EC18F3DB34}.ReleaseNoOpt.ActiveCfg = ReleaseNoOpt|Win32
		{E5D94794-5671-4BD6-A16D-26EC18F3DB34}.ReleaseNoOpt.Build.0 = ReleaseNoOpt|Win32
		{D37774F4-253D-4760-BF64-372A943224A1}.Debug.ActiveCfg = Debug|Win32
		{D37774F4-253D-4760-BF64-372A943224A1}.Debug.Build.0 = Debug|Win32
		{D37774F4-253D-4760-BF64-372A943224A1}.DebugMesaHeadless.ActiveCfg = Debug|Win32
		{D37774F4-253D-4760-BF64-372A943224A1}.Release.ActiveCfg = Release|Win32
		{D37774F4-253D-4760-BF64-372A943224A1}.Release.Build.0 = Release|Win32
		{D37774F4-253D-4760-BF64-372A943224A1}.ReleaseForDownload.ActiveCfg = Release|Win32
		{D37774F4-253D-4760-BF64-372A943224A1}.ReleaseForDownload.Build.0 = Release|Win32
		{D37774F4-253D-4760-BF64-372A943224A1}.ReleaseNoOpt.ActiveCfg = ReleaseNoOpt|Win32
		{D37774F4-253D-4760-BF64-372A943224A1}.ReleaseNoOpt.Build.0 = ReleaseNoOpt|Win32
		{A5470DA6-0C3A-4602-B930-43DB25511A59}.Debug.ActiveCfg = Debug|Win32
		{A5470DA6-0C3A-4602-B930-43DB25511A59}.Debug.Build.0 = Debug|Win32
		{A5470DA6-0C3A-4602-B930-43DB25511A59}.DebugMesaHeadless.ActiveCfg = Debug|Win32
		{A5470DA6-0C3A-4602-B930-43DB25511A59}.Release.ActiveCfg = Release|Win32
		{A5470DA6-0C3A-4602-B930-43DB25511A59}.Release.Build.0 = Release|Win32
		{A5470DA6-0C3A-4602-B930-43DB25511A59}.ReleaseForDownload.ActiveCfg = Release|Win32
		{A5470DA6-0C3A-4602-B930-43DB25511A59}.ReleaseForDownload.Build.0 = Release|Win32
		{A5470DA6-0C3A-4602-B930-43DB25511A59}.ReleaseNoOpt.ActiveCfg = ReleaseNoOpt|Win32
		{A5470DA6-0C3A-4602-B930-43DB25511A59}.ReleaseNoOpt.Build.0 = ReleaseNoOpt|Win32
		{DE55D666-6A3D-476C-937F-109269B83681}.Debug.ActiveCfg = Debug|Win32
		{DE55D666-6A3D-476C-937F-109269B83681}.Debug.Build.0 = Debug|Win32
		{DE55D666-6A3D-476C-937F-109269B83681}.DebugMesaHeadless.ActiveCfg = Debug|Win32
		{DE55D666-6A3D-476C-937F-109269B83681}.Release.ActiveCfg = Release|Win32
		{DE55D666-6A3D-476C-937F-109269B83681}.Release.Build.0 = Release|Win32
		{DE55D666-6A3D-476C-937F-109269B83681}.ReleaseForDownload.ActiveCfg = Release|Win32
		{DE55D666-6A3D-476C-937F-109269B83681}.ReleaseForDownload.Build.0 = Release|Win32
		{DE55D666-6A3D-476C-937F-109269B83681}.ReleaseNoOpt.ActiveCfg = ReleaseNoOpt|Win32
		{DE55D666-6A3D-476C-937F-109269B83681}.ReleaseNoOpt.Build.0 = ReleaseNoOpt|Win32
		{681FDD6C-2FAE-4CB9-AF6D-B952F2B151C5}.Debug.ActiveCfg = Debug|Win32
		{681FDD6C-2FAE-4CB9-AF6D-B952F2B151C5}.Debug.Build.0 = Debug|Win32
		{681FDD6C-2FAE-4CB9-AF6D-B952F2B151C5}.DebugMesaHeadless.ActiveCfg = Debug|Win32
		{681FDD6C-2FAE-4CB9-AF6D-B952F2B151C5}.Release.ActiveCfg = Release|Win32
		{681FDD6C-2FAE-4CB9-AF6D-B952F2B151C5}.Release.Build.0 = Release|Win32
		{681FDD6C-2FAE-4CB9-AF6D-B952F2B151C5}.ReleaseForDownload.ActiveCfg = Release|Win32
		{681FDD6C-2FAE-4CB9-AF6D-B952F2B151C5}.ReleaseForDownload.Build.0 = Release|Win32
		{681FDD6C-2FAE-4CB9-AF6D-B952F2B151C5}.ReleaseNoOpt.ActiveCfg = ReleaseNoOpt|Win32
		{681FDD6C-2FAE-4CB9-AF6D-B952F2B151C5}.ReleaseNoOpt.Build.0 = ReleaseNoOpt|Win32
		{FCC4483C-5B84-4944-B91F-4589A219BC0B}.Debug.ActiveCfg = Debug|Win32
		{FCC4483C-5B84-4944-B91F-4589A219BC0B}.Debug.Build.0 = Debug|Win32
		{FCC4483C-5B84-4944-B91F-4589A219BC0B}.DebugMesaHeadless.ActiveCfg = Debug|Win32
		{FCC4483C-5B84-4944-B91F-4589A219BC0B}.Release.ActiveCfg = Release|Win32
		{FCC4483C-5B84-4944-B91F-4589A219BC0B}.Release.Build.0 = Release|Win32
		{FCC4483C-5B84-4944-B91F-4589A219BC0B}.ReleaseForDownload.ActiveCfg = Release|Win32
		{FCC4483C-5B84-4944-B91F-4589A219BC0B}.ReleaseForDownload.Build.0 = Release|Win32
		{FCC4483C-5B84-4944-B91F-4589A219BC0B}.ReleaseNoOpt.ActiveCfg = ReleaseNoOpt|Win32
		{FCC4483C-5B84-4944-B91F-4589A219BC0B}.ReleaseNoOpt.Build.0 = ReleaseNoOpt|Win32
		{5EA5DDF0-C7E1-4F49-BEF5-9246A4656B2E}.Debug.ActiveCfg = Debug|Win32
		{5EA5DDF0-C7E1-4F49-BEF5-9246A4656B2E}.Debug.Build.0 = Debug|Win32
		{5EA5DDF0-C7E1-4F49-BEF5-9246A4656B2E}.DebugMesaHeadless.ActiveCfg = Debug|Win32
		{5EA5DDF0-C7E1-4F49-BEF5-9246A4656B2E}.Release.ActiveCfg = Release|Win32
		{5EA5DDF0-C7E1-4F49-BEF5-9246A4656B2E}.Release.Build.0 = Release|Win32
		{5EA5DDF0-C7E1-4F49-BEF5-9246A4656B2E}.ReleaseForDownload.ActiveCfg = Release|Win32
		{5EA5DDF0-C7E1-4F49-BEF5-9246A4656B2E}.ReleaseForDownload.Build.0 = Release|Win32
		{5EA5DDF0-C7E1-4F49-BEF5-9246A4656B2E}.ReleaseNoOpt.ActiveCfg = ReleaseNoOpt|Win32
		{5EA5DDF0-C7E1-4F49-BEF5-9246A4656B2E}.ReleaseNoOpt.Build.0 = ReleaseNoOpt|Win32
		{93B2BA29-FBE9-4376-92C1-6108DCFE09D3}.Debug.ActiveCfg = Debug|Win32
		{93B2BA29-FBE9-4376-92C1-6108DCFE09D3}.Debug.Build.0 = Debug|Win32
		{93B2BA29-FBE9-4376-92C1-6108DCFE09D3}.DebugMesaHeadless.ActiveCfg = Debug|Win32
		{93B2BA29-FBE9-4376-92C1-6108DCFE09D3}.Release.ActiveCfg = Release|Win32
		{93B2BA29-FBE9-4376-92C1-6108DCFE09D3}.Release.Build.0 = Release|Win32
		{93B2BA29-FBE9-4376-92C1-6108DCFE09D3}.ReleaseForDownload.ActiveCfg = Release|Win32
		{93B2BA29-FBE9-4376-92C1-6108DCFE09D3}.ReleaseForDownload.Build.0 = Release|Win32
		{93B2BA29-FBE9-4376-92C1-6108DCFE09D3}.ReleaseNoOpt.ActiveCfg = ReleaseNoOpt|Win32
		{93B2BA29-FBE9-4376-92C1-6108DCFE09D3}.ReleaseNoOpt.Build.0 = ReleaseNoOpt|Win32
		{2ADE3C14-94C4-40BF-B033-70F3C954EE90}.Debug.ActiveCfg = Debug|Win32
		{2ADE3C14-94C4-40BF-B033-70F3C954EE90}.Debug.Build.0 = Debug|Win32
		{2ADE3C14-94C4-40BF-B033-70F3C954EE90}.DebugMesaHeadless.ActiveCfg = Debug|Win32
		{2ADE3C14-94C4-40BF-B033-70F3C954EE90}.Release.ActiveCfg = Release|Win32
		{2ADE3C14-94C4-40BF-B033-70F3C954EE90}.Release.Build.0 = Release|Win32
		{2ADE3C14-94C4-40BF-B033-70F3C954EE90}.ReleaseForDownload.ActiveCfg = Release|Win32
		{2ADE3C14-94C4-40BF-B033-70F3C954EE90}.ReleaseForDownload.Build.0 = Release|Win32
		{2ADE3C14-94C4-40BF-B033-70F3C954EE90}.ReleaseNoOpt.ActiveCfg = ReleaseNoOpt|Win32
		{2ADE3C14-94C4-40BF-B033-70F3C954EE90}.ReleaseNoOpt.Build.0 = ReleaseNoOpt|Win32
		{328D1968-924F-4863-AAE8-5F9A95BA68E5}.Debug.ActiveCfg = Debug|Win32
		{328D1968-924F-4863-AAE8-5F9A95BA68E5}.Debug.Build.0 = Debug|Win32
		{328D1968-924F-4863-AAE8-5F9A95BA68E5}.DebugMesaHeadless.ActiveCfg = Debug|Win32
		{328D1968-924F-4863-AAE8-5F9A95BA68E5}.Release.ActiveCfg = Release|Win32
		{328D1968-924F-4863-AAE8-5F9A95BA68E5}.Release.Build.0 = Release|Win32
		{328D1968-924F-4863-AAE8-5F9A95BA68E5}.ReleaseForDownload.ActiveCfg = Release|Win32
		{328D1968-924F-4863-AAE8-5F9A95BA68E5}.ReleaseForDownload.Build.0 = Release|Win32
		{328D1968-924F-4863-AAE8-5F9A95BA68E5}.ReleaseNoOpt.ActiveCfg = ReleaseNoOpt|Win32
		{328D1968-924F-4863-AAE8-5F9A95BA68E5}.ReleaseNoOpt.Build.0 = ReleaseNoOpt|Win32
		{E6F4CF1B-6109-4CA8-B58D-87FA936CDE08}.Debug.ActiveCfg = Debug|Win32
		{E6F4CF1B-6109-4CA8-B58D-87FA936CDE08}.Debug.Build.0 = Debug|Win32
		{E6F4CF1B-6109-4CA8-B58D-87FA936CDE08}.DebugMesaHeadless.ActiveCfg = Debug|Win32
		{E6F4CF1B-6109-4CA8-B58D-87FA936CDE08}.Release.ActiveCfg = Release|Win32
		{E6F4CF1B-6109-4CA8-B58D-87FA936CDE08}.Release.Build.0 = Release|Win32
		{E6F4CF1B-6109-4CA8-B58D-87FA936CDE08}.ReleaseForDownload.ActiveCfg = ReleaseForDownload|Win32
		{E6F4CF1B-6109-4CA8-B58D-87FA936CDE08}.ReleaseForDownload.Build.0 = ReleaseForDownload|Win32
		{E6F4CF1B-6109-4CA8-B58D-87FA936CDE08}.ReleaseNoOpt.ActiveCfg = ReleaseNoOpt|Win32
		{E6F4CF1B-6109-4CA8-B58D-87FA936CDE08}.ReleaseNoOpt.Build.0 = ReleaseNoOpt|Win32
		{B4B838C7-2C72-428E-BBFD-25764E659A8B}.Debug.ActiveCfg = Debug|Win32
		{B4B838C7-2C72-428E-BBFD-25764E659A8B}.Debug.Build.0 = Debug|Win32
		{B4B838C7-2C72-428E-BBFD-25764E659A8B}.DebugMesaHeadless.ActiveCfg = Debug|Win32
		{B4B838C7-2C72-428E-BBFD-25764E659A8B}.Release.ActiveCfg = Release|Win32
		{B4B838C7-2C72-428E-BBFD-25764E659A8B}.Release.Build.0 = Release|Win32
		{B4B838C7-2C72-428E-BBFD-25764E659A8B}.ReleaseForDownload.ActiveCfg = Release|Win32
		{B4B838C7-2C72-428E-BBFD-25764E659A8B}.ReleaseForDownload.Build.0 = Release|Win32
		{B4B838C7-2C72-428E-BBFD-25764E659A8B}.ReleaseNoOpt.ActiveCfg = ReleaseNoOpt|Win32
		{B4B838C7-2C72-428E-BBFD-25764E659A8B}.ReleaseNoOpt.Build.0 = ReleaseNoOpt|Win32
		{B5B53617-416F-404A-BF10-22EBCCA0E4FB}.Debug.ActiveCfg = Debug|Win32
		{B5B53617-416F-404A-BF10-22EBCCA0E4FB}.Debug.Build.0 = Debug|Win32
		{B5B53617-416F-404A-BF10-22EBCCA0E4FB}.DebugMesaHeadless.ActiveCfg = DebugMesaHeadless|Win32
		{B5B53617-416F-404A-BF10-22EBCCA0E4FB}.Release.ActiveCfg = Release|Win32
		{B5B53617-416F-404A-BF10-22EBCCA0E4FB}.Release.Build.0 = Release|Win32
		{B5B53617-416F-404A-BF10-22EBCCA0E4FB}.ReleaseForDownload.ActiveCfg = Release|Win32
		{B5B53617-416F-404A-BF10-22EBCCA0E4FB}.ReleaseForDownload.Build.0 = Release|Win32
		{B5B53617-416F-404A-BF10-22EBCCA0E4FB}.ReleaseNoOpt.ActiveCfg = ReleaseNoOpt|Win32
		{B5B53617-416F-404A-BF10-22EBCCA0E4FB}.ReleaseNoOpt.Build.0 = ReleaseNoOpt|Win32
		{BFA102B0-C891-4E13-B1CF-C2F28073DA8E}.Debug.ActiveCfg = Debug|Win32
		{BFA102B0-C891-4E13-B1CF-C2F28073DA8E}.Debug.Build.0 = Debug|Win32
		{BFA102B0-C891-4E13-B1CF-C2F28073DA8E}.DebugMesaHeadless.ActiveCfg = Debug|Win32
		{BFA102B0-C891-4E13-B1CF-C2F28073DA8E}.Release.ActiveCfg = Release|Win32
		{BFA102B0-C891-4E13-B1CF-C2F28073DA8E}.Release.Build.0 = Release|Win32
		{BFA102B0-C891-4E13-B1CF-C2F28073DA8E}.ReleaseForDownload.ActiveCfg = Release|Win32
		{BFA102B0-C891-4E13-B1CF-C2F28073DA8E}.ReleaseForDownload.Build.0 = Release|Win32
		{BFA102B0-C891-4E13-B1CF-C2F28073DA8E}.ReleaseNoOpt.ActiveCfg = ReleaseNoOpt|Win32
		{BFA102B0-C891-4E13-B1CF-C2F28073DA8E}.ReleaseNoOpt.Build.0 = ReleaseNoOpt|Win32
		{F882263E-4F2A-43D9-A45A-FA4C8EC66552}.Debug.ActiveCfg = Debug|Win32
		{F882263E-4F2A-43D9-A45A-FA4C8EC66552}.Debug.Build.0 = Debug|Win32
		{F882263E-4F2A-43D9-A45A-FA4C8EC66552}.DebugMesaHeadless.ActiveCfg = Debug|Win32
		{F882263E-4F2A-43D9-A45A-FA4C8EC66552}.Release.ActiveCfg = Release|Win32
		{F882263E-4F2A-43D9-A45A-FA4C8EC66552}.Release.Build.0 = Release|Win32
		{F882263E-4F2A-43D9-A45A-FA4C8EC66552}.ReleaseForDownload.ActiveCfg = Release|Win32
		{F882263E-4F2A-43D9-A45A-FA4C8EC66552}.ReleaseForDownload.Build.0 = Release|Win32
		{F882263E-4F2A-43D9-A45A-FA4C8EC66552}.ReleaseNoOpt.ActiveCfg = ReleaseNoOpt|Win32
		{F882263E-4F2A-43D9-A45A-FA4C8EC66552}.ReleaseNoOpt.Build.0 = ReleaseNoOpt|Win32
		{44CE6D82-7320-4609-8FC3-5965C19F4808}.Debug.ActiveCfg = Debug|Win32
		{44CE6D82-7320-4609-8FC3-5965C19F4808}.Debug.Build.0 = Debug|Win32
		{44CE6D82-7320-4609-8FC3-5965C19F4808}.DebugMesaHeadless.ActiveCfg = Debug|Win32
		{44CE6D82-7320-4609-8FC3-5965C19F4808}.Release.ActiveCfg = Release|Win32
		{44CE6D82-7320-4609-8FC3-5965C19F4808}.Release.Build.0 = Release|Win32
		{44CE6D82-7320-4609-8FC3-5965C19F4808}.ReleaseForDownload.ActiveCfg = Release|Win32
		{44CE6D82-7320-4609-8FC3-5965C19F4808}.ReleaseForDownload.Build.0 = Release|Win32
		{44CE6D82-7320-4609-8FC3-5965C19F4808}.ReleaseNoOpt.ActiveCfg = ReleaseNoOpt|Win32
		{44CE6D82-7320-4609-8FC3-5965C19F4808}.ReleaseNoOpt.Build.0 = ReleaseNoOpt|Win32
		{D0FDC1C3-A589-40F2-ABCA-A84FF3835624}.Debug.ActiveCfg = Debug|Win32
		{D0FDC1C3-A589-40F2-ABCA-A84FF3835624}.Debug.Build.0 = Debug|Win32
		{D0FDC1C3-A589-40F2-ABCA-A84FF3835624}.DebugMesaHeadless.ActiveCfg = Debug|Win32
		{D0FDC1C3-A589-40F2-ABCA-A84FF3835624}.Release.ActiveCfg = Release|Win32
		{D0FDC1C3-A589-40F2-ABCA-A84FF3835624}.Release.Build.0 = Release|Win32
		{D0FDC1C3-A589-40F2-ABCA-A84FF3835624}.ReleaseForDownload.ActiveCfg = Release|Win32
		{D0FDC1C3-A589-40F2-ABCA-A84FF3835624}.ReleaseForDownload.Build.0 = Release|Win32
		{D0FDC1C3-A589-40F2-ABCA-A84FF3835624}.ReleaseNoOpt.ActiveCfg = ReleaseNoOpt|Win32
		{D0FDC1C3-A589-40F2-ABCA-A84FF3835624}.ReleaseNoOpt.Build.0 = ReleaseNoOpt|Win32
		{C6CA76F5-DCB4-4789-BBA7-43D11EE7C8E2}.Debug.ActiveCfg = Debug|Win32
		{C6CA76F5-DCB4-4789-BBA7-43D11EE7C8E2}.Debug.Build.0 = Debug|Win32
		{C6CA76F5-DCB4-4789-BBA7-43D11EE7C8E2}.DebugMesaHeadless.ActiveCfg = Debug|Win32
		{C6CA76F5-DCB4-4789-BBA7-43D11EE7C8E2}.Release.ActiveCfg = Release|Win32
		{C6CA76F5-DCB4-4789-BBA7-43D11EE7C8E2}.Release.Build.0 = Release|Win32
		{C6CA76F5-DCB4-4789-BBA7-43D11EE7C8E2}.ReleaseForDownload.ActiveCfg = Release|Win32
		{C6CA76F5-DCB4-4789-BBA7-43D11EE7C8E2}.ReleaseForDownload.Build.0 = Release|Win32
		{C6CA76F5-DCB4-4789-BBA7-43D11EE7C8E2}.ReleaseNoOpt.ActiveCfg = ReleaseNoOpt|Win32
		{C6CA76F5-DCB4-4789-BBA7-43D11EE7C8E2}.ReleaseNoOpt.Build.0 = ReleaseNoOpt|Win32
		{A5504A1E-8BA4-45D2-8144-1B6937E37E98}.Debug.ActiveCfg = Debug|Win32
		{A5504A1E-8BA4-45D2-8144-1B6937E37E98}.Debug.Build.0 = Debug|Win32
		{A5504A1E-8BA4-45D2-8144-1B6937E37E98}.DebugMesaHeadless.ActiveCfg = Debug|Win32
		{A5504A1E-8BA4-45D2-8144-1B6937E37E98}.Release.ActiveCfg = Release|Win32
		{A5504A1E-8BA4-45D2-8144-1B6937E37E98}.Release.Build.0 = Release|Win32
		{A5504A1E-8BA4-45D2-8144-1B6937E37E98}.ReleaseForDownload.ActiveCfg = Release|Win32
		{A5504A1E-8BA4-45D2-8144-1B6937E37E98}.ReleaseForDownload.Build.0 = Release|Win32
		{A5504A1E-8BA4-45D2-8144-1B6937E37E98}.ReleaseNoOpt.ActiveCfg = ReleaseNoOpt|Win32
		{A5504A1E-8BA4-45D2-8144-1B6937E37E98}.ReleaseNoOpt.Build.0 = ReleaseNoOpt|Win32
		{B771CF1B-E253-47BD-8B0A-6B0440CC9228}.Debug.ActiveCfg = Debug|Win32
		{B771CF1B-E253-47BD-8B0A-6B0440CC9228}.Debug.Build.0 = Debug|Win32
		{B771CF1B-E253-47BD-8B0A-6B0440CC9228}.DebugMesaHeadless.ActiveCfg = Debug|Win32
		{B771CF1B-E253-47BD-8B0A-6B0440CC9228}.Release.ActiveCfg = Release|Win32
		{B771CF1B-E253-47BD-8B0A-6B0440CC9228}.Release.Build.0 = Release|Win32
		{B771CF1B-E253-47BD-8B0A-6B0440CC9228}.ReleaseForDownload.ActiveCfg = Release|Win32
		{B771CF1B-E253-47BD-8B0A-6B0440CC9228}.ReleaseForDownload.Build.0 = Release|Win32
		{B771CF1B-E253-47BD-8B0A-6B0440CC9228}.ReleaseNoOpt.ActiveCfg = Release|Win32
		{B771CF1B-E253-47BD-8B0A-6B0440CC9228}.ReleaseNoOpt.Build.0 = Release|Win32
		{777F38BE-2DFE-4051-9AAD-2832ABC474CC}.Debug.ActiveCfg = Debug|Win32
		{777F38BE-2DFE-4051-9AAD-2832ABC474CC}.Debug.Build.0 = Debug|Win32
		{777F38BE-2DFE-4051-9AAD-2832ABC474CC}.DebugMesaHeadless.ActiveCfg = Debug|Win32
		{777F38BE-2DFE-4051-9AAD-2832ABC474CC}.Release.ActiveCfg = Release|Win32
		{777F38BE-2DFE-4051-9AAD-2832ABC474CC}.Release.Build.0 = Release|Win32
		{777F38BE-2DFE-4051-9AAD-2832ABC474CC}.ReleaseForDownload.ActiveCfg = Release|Win32
		{777F38BE-2DFE-4051-9AAD-2832ABC474CC}.ReleaseNoOpt.ActiveCfg = Release|Win32
		{EC2A989E-3F8F-4B8B-9AE6-7C7EA37C84BC}.Debug.ActiveCfg = Debug|Win32
		{EC2A989E-3F8F-4B8B-9AE6-7C7EA37C84BC}.Debug.Build.0 = Debug|Win32
		{EC2A989E-3F8F-4B8B-9AE6-7C7EA37C84BC}.DebugMesaHeadless.ActiveCfg = Debug|Win32
		{EC2A989E-3F8F-4B8B-9AE6-7C7EA37C84BC}.Release.ActiveCfg = Release|Win32
		{EC2A989E-3F8F-4B8B-9AE6-7C7EA37C84BC}.Release.Build.0 = Release|Win32
		{EC2A989E-3F8F-4B8B-9AE6-7C7EA37C84BC}.ReleaseForDownload.ActiveCfg = Release|Win32
		{EC2A989E-3F8F-4B8B-9AE6-7C7EA37C84BC}.ReleaseNoOpt.ActiveCfg = Release|Win32
		{648685F3-8760-4CC5-BB2B-CAF9DECC25A4}.Debug.ActiveCfg = Debug|Win32
		{648685F3-8760-4CC5-BB2B-CAF9DECC25A4}.Debug.Build.0 = Debug|Win32
		{648685F3-8760-4CC5-BB2B-CAF9DECC25A4}.DebugMesaHeadless.ActiveCfg = Debug|Win32
		{648685F3-8760-4CC5-BB2B-CAF9DECC25A4}.Release.ActiveCfg = Release|Win32
		{648685F3-8760-4CC5-BB2B-CAF9DECC25A4}.Release.Build.0 = Release|Win32
		{648685F3-8760-4CC5-BB2B-CAF9DECC25A4}.ReleaseForDownload.ActiveCfg = Release|Win32
		{648685F3-8760-4CC5-BB2B-CAF9DECC25A4}.ReleaseForDownload.Build.0 = Release|Win32
		{648685F3-8760-4CC5-BB2B-CAF9DECC25A4}.ReleaseNoOpt.ActiveCfg = ReleaseNoOpt|Win32
		{648685F3-8760-4CC5-BB2B-CAF9DECC25A4}.ReleaseNoOpt.Build.0 = ReleaseNoOpt|Win32
		{E928F33B-E090-4FA8-818B-6B5D8B0F1F4B}.Debug.ActiveCfg = Debug|Win32
		{E928F33B-E090-4FA8-818B-6B5D8B0F1F4B}.Debug.Build.0 = Debug|Win32
		{E928F33B-E090-4FA8-818B-6B5D8B0F1F4B}.DebugMesaHeadless.ActiveCfg = Debug|Win32
		{E928F33B-E090-4FA8-818B-6B5D8B0F1F4B}.Release.ActiveCfg = Release|Win32
		{E928F33B-E090-4FA8-818B-6B5D8B0F1F4B}.Release.Build.0 = Release|Win32
		{E928F33B-E090-4FA8-818B-6B5D8B0F1F4B}.ReleaseForDownload.ActiveCfg = Release|Win32
		{E928F33B-E090-4FA8-818B-6B5D8B0F1F4B}.ReleaseForDownload.Build.0 = Release|Win32
		{E928F33B-E090-4FA8-818B-6B5D8B0F1F4B}.ReleaseNoOpt.ActiveCfg = ReleaseNoOpt|Win32
		{E928F33B-E090-4FA8-818B-6B5D8B0F1F4B}.ReleaseNoOpt.Build.0 = ReleaseNoOpt|Win32
		{F56CA265-93E9-4068-8A67-8B104C876D70}.Debug.ActiveCfg = Debug|Win32
		{F56CA265-93E9-4068-8A67-8B104C876D70}.DebugMesaHeadless.ActiveCfg = Debug|Win32
		{F56CA265-93E9-4068-8A67-8B104C876D70}.Release.ActiveCfg = Release|Win32
		{F56CA265-93E9-4068-8A67-8B104C876D70}.ReleaseForDownload.ActiveCfg = Release|Win32
		{F56CA265-93E9-4068-8A67-8B104C876D70}.ReleaseNoOpt.ActiveCfg = ReleaseNoOpt|Win32
		{9D0C7E02-6506-4EE7-BC5C-75671D28D594}.Debug.ActiveCfg = Debug|Win32
		{9D0C7E02-6506-4EE7-BC5C-75671D28D594}.Debug.Build.0 = Debug|Win32
		{9D0C7E02-6506-4EE7-BC5C-75671D28D594}.DebugMesaHeadless.ActiveCfg = Debug|Win32
		{9D0C7E02-6506-4EE7-BC5C-75671D28D594}.Release.ActiveCfg = Release|Win32
		{9D0C7E02-6506-4EE7-BC5C-75671D28D594}.Release.Build.0 = Release|Win32
		{9D0C7E02-6506-4EE7-BC5C-75671D28D594}.ReleaseForDownload.ActiveCfg = Release|Win32
		{9D0C7E02-6506-4EE7-BC5C-75671D28D594}.ReleaseForDownload.Build.0 = Release|Win32
		{9D0C7E02-6506-4EE7-BC5C-75671D28D594}.ReleaseNoOpt.ActiveCfg = ReleaseNoOpt|Win32
		{9D0C7E02-6506-4EE7-BC5C-75671D28D594}.ReleaseNoOpt.Build.0 = ReleaseNoOpt|Win32
		{4B19F64E-AB97-4FB9-8E1D-74A8104DE0C4}.Debug.ActiveCfg = Debug|Win32
		{4B19F64E-AB97-4FB9-8E1D-74A8104DE0C4}.Debug.Build.0 = Debug|Win32
		{4B19F64E-AB97-4FB9-8E1D-74A8104DE0C4}.DebugMesaHeadless.ActiveCfg = Debug|Win32
		{4B19F64E-AB97-4FB9-8E1D-74A8104DE0C4}.Release.ActiveCfg = Release|Win32
		{4B19F64E-AB97-4FB9-8E1D-74A8104DE0C4}.Release.Build.0 = Release|Win32
		{4B19F64E-AB97-4FB9-8E1D-74A8104DE0C4}.ReleaseForDownload.ActiveCfg = Release|Win32
		{4B19F64E-AB97-4FB9-8E1D-74A8104DE0C4}.ReleaseForDownload.Build.0 = Release|Win32
		{4B19F64E-AB97-4FB9-8E1D-74A8104DE0C4}.ReleaseNoOpt.ActiveCfg = ReleaseNoOpt|Win32
		{4B19F64E-AB97-4FB9-8E1D-74A8104DE0C4}.ReleaseNoOpt.Build.0 = ReleaseNoOpt|Win32
		{BBAA6588-CA96-4A87-A988-B02270B8D02B}.Debug.ActiveCfg = Debug|Win32
		{BBAA6588-CA96-4A87-A988-B02270B8D02B}.Debug.Build.0 = Debug|Win32
		{BBAA6588-CA96-4A87-A988-B02270B8D02B}.DebugMesaHeadless.ActiveCfg = Debug|Win32
		{BBAA6588-CA96-4A87-A988-B02270B8D02B}.Release.ActiveCfg = Release|Win32
		{BBAA6588-CA96-4A87-A988-B02270B8D02B}.Release.Build.0 = Release|Win32
		{BBAA6588-CA96-4A87-A988-B02270B8D02B}.ReleaseForDownload.ActiveCfg = Release|Win32
		{BBAA6588-CA96-4A87-A988-B02270B8D02B}.ReleaseNoOpt.ActiveCfg = ReleaseNoOpt|Win32
		{BBAA6588-CA96-4A87-A988-B02270B8D02B}.ReleaseNoOpt.Build.0 = ReleaseNoOpt|Win32
		{E9F5BD55-F8E8-4C61-B9B5-CCE7C1048241}.Debug.ActiveCfg = Debug|Win32
		{E9F5BD55-F8E8-4C61-B9B5-CCE7C1048241}.Debug.Build.0 = Debug|Win32
		{E9F5BD55-F8E8-4C61-B9B5-CCE7C1048241}.DebugMesaHeadless.ActiveCfg = Debug|Win32
		{E9F5BD55-F8E8-4C61-B9B5-CCE7C1048241}.Release.ActiveCfg = Release|Win32
		{E9F5BD55-F8E8-4C61-B9B5-CCE7C1048241}.Release.Build.0 = Release|Win32
		{E9F5BD55-F8E8-4C61-B9B5-CCE7C1048241}.ReleaseForDownload.ActiveCfg = Release|Win32
		{E9F5BD55-F8E8-4C61-B9B5-CCE7C1048241}.ReleaseForDownload.Build.0 = Release|Win32
		{E9F5BD55-F8E8-4C61-B9B5-CCE7C1048241}.ReleaseNoOpt.ActiveCfg = ReleaseNoOpt|Win32
		{E9F5BD55-F8E8-4C61-B9B5-CCE7C1048241}.ReleaseNoOpt.Build.0 = ReleaseNoOpt|Win32
		{020311F7-3DAB-4D93-9CE5-6D3926FD15FE}.Debug.ActiveCfg = Debug|Win32
		{020311F7-3DAB-4D93-9CE5-6D3926FD15FE}.Debug.Build.0 = Debug|Win32
		{020311F7-3DAB-4D93-9CE5-6D3926FD15FE}.DebugMesaHeadless.ActiveCfg = DebugHk460|Win32
		{020311F7-3DAB-4D93-9CE5-6D3926FD15FE}.DebugMesaHeadless.Build.0 = DebugHk460|Win32
		{020311F7-3DAB-4D93-9CE5-6D3926FD15FE}.Release.ActiveCfg = Release|Win32
		{020311F7-3DAB-4D93-9CE5-6D3926FD15FE}.Release.Build.0 = Release|Win32
		{020311F7-3DAB-4D93-9CE5-6D3926FD15FE}.ReleaseForDownload.ActiveCfg = Release|Win32
		{020311F7-3DAB-4D93-9CE5-6D3926FD15FE}.ReleaseForDownload.Build.0 = Release|Win32
		{020311F7-3DAB-4D93-9CE5-6D3926FD15FE}.ReleaseNoOpt.ActiveCfg = ReleaseNoOpt|Win32
		{020311F7-3DAB-4D93-9CE5-6D3926FD15FE}.ReleaseNoOpt.Build.0 = ReleaseNoOpt|Win32
		{6AEE004D-BFE8-4082-B4D3-E51163B01EEB}.Debug.ActiveCfg = Debug|Win32
		{6AEE004D-BFE8-4082-B4D3-E51163B01EEB}.Debug.Build.0 = Debug|Win32
		{6AEE004D-BFE8-4082-B4D3-E51163B01EEB}.DebugMesaHeadless.ActiveCfg = Debug|Win32
		{6AEE004D-BFE8-4082-B4D3-E51163B01EEB}.Release.ActiveCfg = Release|Win32
		{6AEE004D-BFE8-4082-B4D3-E51163B01EEB}.Release.Build.0 = Release|Win32
		{6AEE004D-BFE8-4082-B4D3-E51163B01EEB}.ReleaseForDownload.ActiveCfg = Release|Win32
		{6AEE004D-BFE8-4082-B4D3-E51163B01EEB}.ReleaseForDownload.Build.0 = Release|Win32
		{6AEE004D-BFE8-4082-B4D3-E51163B01EEB}.ReleaseNoOpt.ActiveCfg = ReleaseNoOpt|Win32
		{6AEE004D-BFE8-4082-B4D3-E51163B01EEB}.ReleaseNoOpt.Build.0 = ReleaseNoOpt|Win32
		{076DD042-2E58-42EA-9401-53210B65C1FC}.Debug.ActiveCfg = Debug|Win32
		{076DD042-2E58-42EA-9401-53210B65C1FC}.Debug.Build.0 = Debug|Win32
		{076DD042-2E58-42EA-9401-53210B65C1FC}.DebugMesaHeadless.ActiveCfg = Debug|Win32
		{076DD042-2E58-42EA-9401-53210B65C1FC}.Release.ActiveCfg = Release|Win32
		{076DD042-2E58-42EA-9401-53210B65C1FC}.Release.Build.0 = Release|Win32
		{076DD042-2E58-42EA-9401-53210B65C1FC}.ReleaseForDownload.ActiveCfg = Release|Win32
		{076DD042-2E58-42EA-9401-53210B65C1FC}.ReleaseForDownload.Build.0 = Release|Win32
		{076DD042-2E58-42EA-9401-53210B65C1FC}.ReleaseNoOpt.ActiveCfg = ReleaseNoOpt|Win32
		{076DD042-2E58-42EA-9401-53210B65C1FC}.ReleaseNoOpt.Build.0 = ReleaseNoOpt|Win32
		{AF2D801E-EEE7-4B52-A025-F8E648ADC34B}.Debug.ActiveCfg = Debug|Win32
		{AF2D801E-EEE7-4B52-A025-F8E648ADC34B}.Debug.Build.0 = Debug|Win32
		{AF2D801E-EEE7-4B52-A025-F8E648ADC34B}.DebugMesaHeadless.ActiveCfg = Debug|Win32
		{AF2D801E-EEE7-4B52-A025-F8E648ADC34B}.Release.ActiveCfg = Release|Win32
		{AF2D801E-EEE7-4B52-A025-F8E648ADC34B}.Release.Build.0 = Release|Win32
		{AF2D801E-EEE7-4B52-A025-F8E648ADC34B}.ReleaseForDownload.ActiveCfg = Release|Win32
		{AF2D801E-EEE7-4B52-A025-F8E648ADC34B}.ReleaseForDownload.Build.0 = Release|Win32
		{AF2D801E-EEE7-4B52-A025-F8E648ADC34B}.ReleaseNoOpt.ActiveCfg = ReleaseNoOpt|Win32
		{AF2D801E-EEE7-4B52-A025-F8E648ADC34B}.ReleaseNoOpt.Build.0 = ReleaseNoOpt|Win32
		{4C8D64D5-649F-481E-96BE-EF1E82A77ACB}.Debug.ActiveCfg = Debug|Win32
		{4C8D64D5-649F-481E-96BE-EF1E82A77ACB}.Debug.Build.0 = Debug|Win32
		{4C8D64D5-649F-481E-96BE-EF1E82A77ACB}.DebugMesaHeadless.ActiveCfg = Debug|Win32
		{4C8D64D5-649F-481E-96BE-EF1E82A77ACB}.Release.ActiveCfg = Release|Win32
		{4C8D64D5-649F-481E-96BE-EF1E82A77ACB}.Release.Build.0 = Release|Win32
		{4C8D64D5-649F-481E-96BE-EF1E82A77ACB}.ReleaseForDownload.ActiveCfg = Release|Win32
		{4C8D64D5-649F-481E-96BE-EF1E82A77ACB}.ReleaseForDownload.Build.0 = Release|Win32
		{4C8D64D5-649F-481E-96BE-EF1E82A77ACB}.ReleaseNoOpt.ActiveCfg = ReleaseNoOpt|Win32
		{4C8D64D5-649F-481E-96BE-EF1E82A77ACB}.ReleaseNoOpt.Build.0 = ReleaseNoOpt|Win32
	EndGlobalSection
	GlobalSection(ExtensibilityGlobals) = postSolution
	EndGlobalSection
	GlobalSection(ExtensibilityAddIns) = postSolution
	EndGlobalSection
EndGlobal
