Microsoft Visual Studio Solution File, Format Version 10.00
# Visual C++ Express 2008
Project("{8BC9CEB8-8B4A-11D0-8D11-00A0C91BC942}") = "llcommon", "..\llcommon\llcommon_vc9.vcproj", "{7BCB4B2C-8378-4186-88EA-5742B5ABE17F}"
EndProject
Project("{8BC9CEB8-8B4A-11D0-8D11-00A0C91BC942}") = "llmath", "..\llmath\llmath_vc9.vcproj", "{E87FD9BE-BE42-4EA3-BF4D-D992223046D9}"
EndProject
Project("{8BC9CEB8-8B4A-11D0-8D11-00A0C91BC942}") = "llmessage", "..\llmessage\llmessage_vc9.vcproj", "{E5D94794-5671-4BD6-A16D-26EC18F3DB34}"
EndProject
Project("{8BC9CEB8-8B4A-11D0-8D11-00A0C91BC942}") = "llvfs", "..\llvfs\llvfs_vc9.vcproj", "{D37774F4-253D-4760-BF64-372A943224A1}"
EndProject
Project("{8BC9CEB8-8B4A-11D0-8D11-00A0C91BC942}") = "llxml", "..\llxml\llxml_vc9.vcproj", "{A5470DA6-0C3A-4602-B930-43DB25511A59}"
EndProject
Project("{8BC9CEB8-8B4A-11D0-8D11-00A0C91BC942}") = "llui", "..\llui\llui_vc9.vcproj", "{DE55D666-6A3D-476C-937F-109269B83681}"
EndProject
Project("{8BC9CEB8-8B4A-11D0-8D11-00A0C91BC942}") = "llimage", "..\llimage\llimage_vc9.vcproj", "{681FDD6C-2FAE-4CB9-AF6D-B952F2B151C5}"
EndProject
Project("{8BC9CEB8-8B4A-11D0-8D11-00A0C91BC942}") = "llprimitive", "..\llprimitive\llprimitive_vc9.vcproj", "{FCC4483C-5B84-4944-B91F-4589A219BC0B}"
EndProject
Project("{8BC9CEB8-8B4A-11D0-8D11-00A0C91BC942}") = "llcharacter", "..\llcharacter\llcharacter_vc9.vcproj", "{5EA5DDF0-C7E1-4F49-BEF5-9246A4656B2E}"
EndProject
Project("{8BC9CEB8-8B4A-11D0-8D11-00A0C91BC942}") = "llaudio", "..\llaudio\llaudio_vc9.vcproj", "{93B2BA29-FBE9-4376-92C1-6108DCFE09D3}"
EndProject
Project("{8BC9CEB8-8B4A-11D0-8D11-00A0C91BC942}") = "llrender", "..\llrender\llrender_vc9.vcproj", "{2ADE3C14-94C4-40BF-B033-70F3C954EE90}"
EndProject
Project("{8BC9CEB8-8B4A-11D0-8D11-00A0C91BC942}") = "llinventory", "..\llinventory\llinventory_vc9.vcproj", "{328D1968-924F-4863-AAE8-5F9A95BA68E5}"
EndProject
Project("{8BC9CEB8-8B4A-11D0-8D11-00A0C91BC942}") = "newview", "..\newview\newview_vc9.vcproj", "{E6F4CF1B-6109-4CA8-B58D-87FA936CDE08}"
	ProjectSection(ProjectDependencies) = postProject
		{9D0C7E02-6506-4EE7-BC5C-75671D28D594} = {9D0C7E02-6506-4EE7-BC5C-75671D28D594}
		{2ADE3C14-94C4-40BF-B033-70F3C954EE90} = {2ADE3C14-94C4-40BF-B033-70F3C954EE90}
		{B5B53617-416F-404A-BF10-22EBCCA0E4FB} = {B5B53617-416F-404A-BF10-22EBCCA0E4FB}
		{93B2BA29-FBE9-4376-92C1-6108DCFE09D3} = {93B2BA29-FBE9-4376-92C1-6108DCFE09D3}
		{7BCB4B2C-8378-4186-88EA-5742B5ABE17F} = {7BCB4B2C-8378-4186-88EA-5742B5ABE17F}
		{E928F33B-E090-4FA8-818B-6B5D8B0F1F4B} = {E928F33B-E090-4FA8-818B-6B5D8B0F1F4B}
		{FCC4483C-5B84-4944-B91F-4589A219BC0B} = {FCC4483C-5B84-4944-B91F-4589A219BC0B}
		{F882263E-4F2A-43D9-A45A-FA4C8EC66552} = {F882263E-4F2A-43D9-A45A-FA4C8EC66552}
		{076DD042-2E58-42EA-9401-53210B65C1FC} = {076DD042-2E58-42EA-9401-53210B65C1FC}
		{DE55D666-6A3D-476C-937F-109269B83681} = {DE55D666-6A3D-476C-937F-109269B83681}
		{328D1968-924F-4863-AAE8-5F9A95BA68E5} = {328D1968-924F-4863-AAE8-5F9A95BA68E5}
		{681FDD6C-2FAE-4CB9-AF6D-B952F2B151C5} = {681FDD6C-2FAE-4CB9-AF6D-B952F2B151C5}
		{44CE6D82-7320-4609-8FC3-5965C19F4808} = {44CE6D82-7320-4609-8FC3-5965C19F4808}
		{E5D94794-5671-4BD6-A16D-26EC18F3DB34} = {E5D94794-5671-4BD6-A16D-26EC18F3DB34}
		{A5470DA6-0C3A-4602-B930-43DB25511A59} = {A5470DA6-0C3A-4602-B930-43DB25511A59}
		{BFA102B0-C891-4E13-B1CF-C2F28073DA8E} = {BFA102B0-C891-4E13-B1CF-C2F28073DA8E}
		{E87FD9BE-BE42-4EA3-BF4D-D992223046D9} = {E87FD9BE-BE42-4EA3-BF4D-D992223046D9}
		{4C8D64D5-649F-481E-96BE-EF1E82A77ACB} = {4C8D64D5-649F-481E-96BE-EF1E82A77ACB}
		{5EA5DDF0-C7E1-4F49-BEF5-9246A4656B2E} = {5EA5DDF0-C7E1-4F49-BEF5-9246A4656B2E}
		{648685F3-8760-4CC5-BB2B-CAF9DECC25A4} = {648685F3-8760-4CC5-BB2B-CAF9DECC25A4}
		{D37774F4-253D-4760-BF64-372A943224A1} = {D37774F4-253D-4760-BF64-372A943224A1}
	EndProjectSection
EndProject
EndProject
Project("{8BC9CEB8-8B4A-11D0-8D11-00A0C91BC942}") = "llwindow", "..\llwindow\llwindow_vc9.vcproj", "{B5B53617-416F-404A-BF10-22EBCCA0E4FB}"
	ProjectSection(ProjectDependencies) = postProject
		{A5470DA6-0C3A-4602-B930-43DB25511A59} = {A5470DA6-0C3A-4602-B930-43DB25511A59}
	EndProjectSection
EndProject
Project("{8BC9CEB8-8B4A-11D0-8D11-00A0C91BC942}") = "lscript_library", "..\lscript\lscript_library\lscript_library_vc9.vcproj", "{BFA102B0-C891-4E13-B1CF-C2F28073DA8E}"
EndProject
Project("{8BC9CEB8-8B4A-11D0-8D11-00A0C91BC942}") = "lscript_execute", "..\lscript\lscript_execute\lscript_execute_vc9.vcproj", "{F882263E-4F2A-43D9-A45A-FA4C8EC66552}"
	ProjectSection(ProjectDependencies) = postProject
		{BFA102B0-C891-4E13-B1CF-C2F28073DA8E} = {BFA102B0-C891-4E13-B1CF-C2F28073DA8E}
	EndProjectSection
EndProject
Project("{8BC9CEB8-8B4A-11D0-8D11-00A0C91BC942}") = "lscript_compile", "..\lscript\lscript_compile\lscript_compile_vc9.vcproj", "{44CE6D82-7320-4609-8FC3-5965C19F4808}"
	ProjectSection(ProjectDependencies) = postProject
		{B771CF1B-E253-47BD-8B0A-6B0440CC9228} = {B771CF1B-E253-47BD-8B0A-6B0440CC9228}
		{BFA102B0-C891-4E13-B1CF-C2F28073DA8E} = {BFA102B0-C891-4E13-B1CF-C2F28073DA8E}
	EndProjectSection
EndProject
	ProjectSection(ProjectDependencies) = postProject
		{7BCB4B2C-8378-4186-88EA-5742B5ABE17F} = {7BCB4B2C-8378-4186-88EA-5742B5ABE17F}
		{FCC4483C-5B84-4944-B91F-4589A219BC0B} = {FCC4483C-5B84-4944-B91F-4589A219BC0B}
		{F882263E-4F2A-43D9-A45A-FA4C8EC66552} = {F882263E-4F2A-43D9-A45A-FA4C8EC66552}
		{4B19F64E-AB97-4FB9-8E1D-74A8104DE0C4} = {4B19F64E-AB97-4FB9-8E1D-74A8104DE0C4}
		{328D1968-924F-4863-AAE8-5F9A95BA68E5} = {328D1968-924F-4863-AAE8-5F9A95BA68E5}
		{681FDD6C-2FAE-4CB9-AF6D-B952F2B151C5} = {681FDD6C-2FAE-4CB9-AF6D-B952F2B151C5}
		{44CE6D82-7320-4609-8FC3-5965C19F4808} = {44CE6D82-7320-4609-8FC3-5965C19F4808}
		{E5D94794-5671-4BD6-A16D-26EC18F3DB34} = {E5D94794-5671-4BD6-A16D-26EC18F3DB34}
		{A5470DA6-0C3A-4602-B930-43DB25511A59} = {A5470DA6-0C3A-4602-B930-43DB25511A59}
		{BFA102B0-C891-4E13-B1CF-C2F28073DA8E} = {BFA102B0-C891-4E13-B1CF-C2F28073DA8E}
		{E87FD9BE-BE42-4EA3-BF4D-D992223046D9} = {E87FD9BE-BE42-4EA3-BF4D-D992223046D9}
		{B4B838C7-2C72-428E-BBFD-25764E659A8B} = {B4B838C7-2C72-428E-BBFD-25764E659A8B}
		{5EA5DDF0-C7E1-4F49-BEF5-9246A4656B2E} = {5EA5DDF0-C7E1-4F49-BEF5-9246A4656B2E}
		{D37774F4-253D-4760-BF64-372A943224A1} = {D37774F4-253D-4760-BF64-372A943224A1}
		{020311F7-3DAB-4D93-9CE5-6D3926FD15FE} = {020311F7-3DAB-4D93-9CE5-6D3926FD15FE}
	EndProjectSection
EndProject
	ProjectSection(ProjectDependencies) = postProject
		{7BCB4B2C-8378-4186-88EA-5742B5ABE17F} = {7BCB4B2C-8378-4186-88EA-5742B5ABE17F}
		{4B19F64E-AB97-4FB9-8E1D-74A8104DE0C4} = {4B19F64E-AB97-4FB9-8E1D-74A8104DE0C4}
		{E5D94794-5671-4BD6-A16D-26EC18F3DB34} = {E5D94794-5671-4BD6-A16D-26EC18F3DB34}
		{E87FD9BE-BE42-4EA3-BF4D-D992223046D9} = {E87FD9BE-BE42-4EA3-BF4D-D992223046D9}
		{D37774F4-253D-4760-BF64-372A943224A1} = {D37774F4-253D-4760-BF64-372A943224A1}
	EndProjectSection
EndProject
	ProjectSection(ProjectDependencies) = postProject
		{7BCB4B2C-8378-4186-88EA-5742B5ABE17F} = {7BCB4B2C-8378-4186-88EA-5742B5ABE17F}
		{4B19F64E-AB97-4FB9-8E1D-74A8104DE0C4} = {4B19F64E-AB97-4FB9-8E1D-74A8104DE0C4}
		{328D1968-924F-4863-AAE8-5F9A95BA68E5} = {328D1968-924F-4863-AAE8-5F9A95BA68E5}
		{E5D94794-5671-4BD6-A16D-26EC18F3DB34} = {E5D94794-5671-4BD6-A16D-26EC18F3DB34}
		{A5470DA6-0C3A-4602-B930-43DB25511A59} = {A5470DA6-0C3A-4602-B930-43DB25511A59}
		{E87FD9BE-BE42-4EA3-BF4D-D992223046D9} = {E87FD9BE-BE42-4EA3-BF4D-D992223046D9}
		{B4B838C7-2C72-428E-BBFD-25764E659A8B} = {B4B838C7-2C72-428E-BBFD-25764E659A8B}
		{5EA5DDF0-C7E1-4F49-BEF5-9246A4656B2E} = {5EA5DDF0-C7E1-4F49-BEF5-9246A4656B2E}
		{D37774F4-253D-4760-BF64-372A943224A1} = {D37774F4-253D-4760-BF64-372A943224A1}
	EndProjectSection
EndProject
	ProjectSection(ProjectDependencies) = postProject
		{44CE6D82-7320-4609-8FC3-5965C19F4808} = {44CE6D82-7320-4609-8FC3-5965C19F4808}
	EndProjectSection
EndProject
	ProjectSection(ProjectDependencies) = postProject
		{F882263E-4F2A-43D9-A45A-FA4C8EC66552} = {F882263E-4F2A-43D9-A45A-FA4C8EC66552}
	EndProjectSection
EndProject
Project("{8BC9CEB8-8B4A-11D0-8D11-00A0C91BC942}") = "win_crash_logger", "..\win_crash_logger\win_crash_logger_vc9.vcproj", "{648685F3-8760-4CC5-BB2B-CAF9DECC25A4}"
	ProjectSection(ProjectDependencies) = postProject
		{B5B53617-416F-404A-BF10-22EBCCA0E4FB} = {B5B53617-416F-404A-BF10-22EBCCA0E4FB}
		{7BCB4B2C-8378-4186-88EA-5742B5ABE17F} = {7BCB4B2C-8378-4186-88EA-5742B5ABE17F}
		{E5D94794-5671-4BD6-A16D-26EC18F3DB34} = {E5D94794-5671-4BD6-A16D-26EC18F3DB34}
		{E87FD9BE-BE42-4EA3-BF4D-D992223046D9} = {E87FD9BE-BE42-4EA3-BF4D-D992223046D9}
		{D37774F4-253D-4760-BF64-372A943224A1} = {D37774F4-253D-4760-BF64-372A943224A1}
	EndProjectSection
EndProject
Project("{8BC9CEB8-8B4A-11D0-8D11-00A0C91BC942}") = "win_updater", "..\win_updater\win_updater_vc9.vcproj", "{E928F33B-E090-4FA8-818B-6B5D8B0F1F4B}"
EndProject
	ProjectSection(ProjectDependencies) = postProject
		{7BCB4B2C-8378-4186-88EA-5742B5ABE17F} = {7BCB4B2C-8378-4186-88EA-5742B5ABE17F}
	EndProjectSection
EndProject
Project("{8BC9CEB8-8B4A-11D0-8D11-00A0C91BC942}") = "llmedia", "..\llmedia\llmedia_vc9.vcproj", "{9D0C7E02-6506-4EE7-BC5C-75671D28D594}"
EndProject
EndProject
Project("{8BC9CEB8-8B4A-11D0-8D11-00A0C91BC942}") = "test", "..\test\test_vc9.vcproj", "{BBAA6588-CA96-4A87-A988-B02270B8D02B}"
	ProjectSection(ProjectDependencies) = postProject
		{7BCB4B2C-8378-4186-88EA-5742B5ABE17F} = {7BCB4B2C-8378-4186-88EA-5742B5ABE17F}
		{FCC4483C-5B84-4944-B91F-4589A219BC0B} = {FCC4483C-5B84-4944-B91F-4589A219BC0B}
		{F882263E-4F2A-43D9-A45A-FA4C8EC66552} = {F882263E-4F2A-43D9-A45A-FA4C8EC66552}
		{4B19F64E-AB97-4FB9-8E1D-74A8104DE0C4} = {4B19F64E-AB97-4FB9-8E1D-74A8104DE0C4}
		{328D1968-924F-4863-AAE8-5F9A95BA68E5} = {328D1968-924F-4863-AAE8-5F9A95BA68E5}
		{44CE6D82-7320-4609-8FC3-5965C19F4808} = {44CE6D82-7320-4609-8FC3-5965C19F4808}
		{E5D94794-5671-4BD6-A16D-26EC18F3DB34} = {E5D94794-5671-4BD6-A16D-26EC18F3DB34}
		{EC2A989E-3F8F-4B8B-9AE6-7C7EA37C84BC} = {EC2A989E-3F8F-4B8B-9AE6-7C7EA37C84BC}
		{A5470DA6-0C3A-4602-B930-43DB25511A59} = {A5470DA6-0C3A-4602-B930-43DB25511A59}
		{BFA102B0-C891-4E13-B1CF-C2F28073DA8E} = {BFA102B0-C891-4E13-B1CF-C2F28073DA8E}
		{777F38BE-2DFE-4051-9AAD-2832ABC474CC} = {777F38BE-2DFE-4051-9AAD-2832ABC474CC}
		{E87FD9BE-BE42-4EA3-BF4D-D992223046D9} = {E87FD9BE-BE42-4EA3-BF4D-D992223046D9}
		{D37774F4-253D-4760-BF64-372A943224A1} = {D37774F4-253D-4760-BF64-372A943224A1}
	EndProjectSection
EndProject
	ProjectSection(ProjectDependencies) = postProject
		{2ADE3C14-94C4-40BF-B033-70F3C954EE90} = {2ADE3C14-94C4-40BF-B033-70F3C954EE90}
		{B5B53617-416F-404A-BF10-22EBCCA0E4FB} = {B5B53617-416F-404A-BF10-22EBCCA0E4FB}
		{AF2D801E-EEE7-4B52-A025-F8E648ADC34B} = {AF2D801E-EEE7-4B52-A025-F8E648ADC34B}
		{7BCB4B2C-8378-4186-88EA-5742B5ABE17F} = {7BCB4B2C-8378-4186-88EA-5742B5ABE17F}
		{FCC4483C-5B84-4944-B91F-4589A219BC0B} = {FCC4483C-5B84-4944-B91F-4589A219BC0B}
		{4B19F64E-AB97-4FB9-8E1D-74A8104DE0C4} = {4B19F64E-AB97-4FB9-8E1D-74A8104DE0C4}
		{E5D94794-5671-4BD6-A16D-26EC18F3DB34} = {E5D94794-5671-4BD6-A16D-26EC18F3DB34}
		{E87FD9BE-BE42-4EA3-BF4D-D992223046D9} = {E87FD9BE-BE42-4EA3-BF4D-D992223046D9}
		{D37774F4-253D-4760-BF64-372A943224A1} = {D37774F4-253D-4760-BF64-372A943224A1}
	EndProjectSection
EndProject
EndProject
	ProjectSection(ProjectDependencies) = postProject
		{7BCB4B2C-8378-4186-88EA-5742B5ABE17F} = {7BCB4B2C-8378-4186-88EA-5742B5ABE17F}
		{681FDD6C-2FAE-4CB9-AF6D-B952F2B151C5} = {681FDD6C-2FAE-4CB9-AF6D-B952F2B151C5}
		{E87FD9BE-BE42-4EA3-BF4D-D992223046D9} = {E87FD9BE-BE42-4EA3-BF4D-D992223046D9}
		{D37774F4-253D-4760-BF64-372A943224A1} = {D37774F4-253D-4760-BF64-372A943224A1}
	EndProjectSection
EndProject
	ProjectSection(ProjectDependencies) = postProject
		{7BCB4B2C-8378-4186-88EA-5742B5ABE17F} = {7BCB4B2C-8378-4186-88EA-5742B5ABE17F}
		{681FDD6C-2FAE-4CB9-AF6D-B952F2B151C5} = {681FDD6C-2FAE-4CB9-AF6D-B952F2B151C5}
		{E87FD9BE-BE42-4EA3-BF4D-D992223046D9} = {E87FD9BE-BE42-4EA3-BF4D-D992223046D9}
	EndProjectSection
EndProject
Project("{8BC9CEB8-8B4A-11D0-8D11-00A0C91BC942}") = "llimagej2coj", "..\llimagej2coj\llimagej2coj_vc9.vcproj", "{4C8D64D5-649F-481E-96BE-EF1E82A77ACB}"
EndProject
Project("{8BC9CEB8-8B4A-11D0-8D11-00A0C91BC942}") = "lscript_compile_fb_vc8", "..\lscript\lscript_compile\lscript_compile_fb_vc9.vcproj", "{B771CF1B-E253-47BD-8B0A-6B0440CC9228}"
EndProject
EndProject
Global
	GlobalSection(SolutionConfigurationPlatforms) = preSolution
		Debug|Win32 = Debug|Win32
		DebugHk460|Win32 = DebugHk460|Win32
		DebugMesaHeadless|Win32 = DebugMesaHeadless|Win32
		Release|Win32 = Release|Win32
		ReleaseForDownload|Win32 = ReleaseForDownload|Win32
		ReleaseNoOpt|Win32 = ReleaseNoOpt|Win32
	EndGlobalSection
	GlobalSection(ProjectConfigurationPlatforms) = postSolution
		{7BCB4B2C-8378-4186-88EA-5742B5ABE17F}.Debug|Win32.ActiveCfg = Debug|Win32
		{7BCB4B2C-8378-4186-88EA-5742B5ABE17F}.Debug|Win32.Build.0 = Debug|Win32
		{7BCB4B2C-8378-4186-88EA-5742B5ABE17F}.DebugHk460|Win32.ActiveCfg = Debug|Win32
		{7BCB4B2C-8378-4186-88EA-5742B5ABE17F}.DebugHk460|Win32.Build.0 = Debug|Win32
		{7BCB4B2C-8378-4186-88EA-5742B5ABE17F}.DebugMesaHeadless|Win32.ActiveCfg = Debug|Win32
		{7BCB4B2C-8378-4186-88EA-5742B5ABE17F}.DebugMesaHeadless|Win32.Build.0 = Debug|Win32
		{7BCB4B2C-8378-4186-88EA-5742B5ABE17F}.Release|Win32.ActiveCfg = Release|Win32
		{7BCB4B2C-8378-4186-88EA-5742B5ABE17F}.Release|Win32.Build.0 = Release|Win32
		{7BCB4B2C-8378-4186-88EA-5742B5ABE17F}.ReleaseForDownload|Win32.ActiveCfg = Release|Win32
		{7BCB4B2C-8378-4186-88EA-5742B5ABE17F}.ReleaseForDownload|Win32.Build.0 = Release|Win32
		{7BCB4B2C-8378-4186-88EA-5742B5ABE17F}.ReleaseNoOpt|Win32.ActiveCfg = ReleaseNoOpt|Win32
		{7BCB4B2C-8378-4186-88EA-5742B5ABE17F}.ReleaseNoOpt|Win32.Build.0 = ReleaseNoOpt|Win32
		{E87FD9BE-BE42-4EA3-BF4D-D992223046D9}.Debug|Win32.ActiveCfg = Debug|Win32
		{E87FD9BE-BE42-4EA3-BF4D-D992223046D9}.Debug|Win32.Build.0 = Debug|Win32
		{E87FD9BE-BE42-4EA3-BF4D-D992223046D9}.DebugHk460|Win32.ActiveCfg = Debug|Win32
		{E87FD9BE-BE42-4EA3-BF4D-D992223046D9}.DebugHk460|Win32.Build.0 = Debug|Win32
		{E87FD9BE-BE42-4EA3-BF4D-D992223046D9}.DebugMesaHeadless|Win32.ActiveCfg = Debug|Win32
		{E87FD9BE-BE42-4EA3-BF4D-D992223046D9}.DebugMesaHeadless|Win32.Build.0 = Debug|Win32
		{E87FD9BE-BE42-4EA3-BF4D-D992223046D9}.Release|Win32.ActiveCfg = Release|Win32
		{E87FD9BE-BE42-4EA3-BF4D-D992223046D9}.Release|Win32.Build.0 = Release|Win32
		{E87FD9BE-BE42-4EA3-BF4D-D992223046D9}.ReleaseForDownload|Win32.ActiveCfg = Release|Win32
		{E87FD9BE-BE42-4EA3-BF4D-D992223046D9}.ReleaseForDownload|Win32.Build.0 = Release|Win32
		{E87FD9BE-BE42-4EA3-BF4D-D992223046D9}.ReleaseNoOpt|Win32.ActiveCfg = ReleaseNoOpt|Win32
		{E87FD9BE-BE42-4EA3-BF4D-D992223046D9}.ReleaseNoOpt|Win32.Build.0 = ReleaseNoOpt|Win32
		{E5D94794-5671-4BD6-A16D-26EC18F3DB34}.Debug|Win32.ActiveCfg = Debug|Win32
		{E5D94794-5671-4BD6-A16D-26EC18F3DB34}.Debug|Win32.Build.0 = Debug|Win32
		{E5D94794-5671-4BD6-A16D-26EC18F3DB34}.DebugHk460|Win32.ActiveCfg = Debug|Win32
		{E5D94794-5671-4BD6-A16D-26EC18F3DB34}.DebugHk460|Win32.Build.0 = Debug|Win32
		{E5D94794-5671-4BD6-A16D-26EC18F3DB34}.DebugMesaHeadless|Win32.ActiveCfg = Debug|Win32
		{E5D94794-5671-4BD6-A16D-26EC18F3DB34}.DebugMesaHeadless|Win32.Build.0 = Debug|Win32
		{E5D94794-5671-4BD6-A16D-26EC18F3DB34}.Release|Win32.ActiveCfg = Release|Win32
		{E5D94794-5671-4BD6-A16D-26EC18F3DB34}.Release|Win32.Build.0 = Release|Win32
		{E5D94794-5671-4BD6-A16D-26EC18F3DB34}.ReleaseForDownload|Win32.ActiveCfg = Release|Win32
		{E5D94794-5671-4BD6-A16D-26EC18F3DB34}.ReleaseForDownload|Win32.Build.0 = Release|Win32
		{E5D94794-5671-4BD6-A16D-26EC18F3DB34}.ReleaseNoOpt|Win32.ActiveCfg = ReleaseNoOpt|Win32
		{E5D94794-5671-4BD6-A16D-26EC18F3DB34}.ReleaseNoOpt|Win32.Build.0 = ReleaseNoOpt|Win32
		{D37774F4-253D-4760-BF64-372A943224A1}.Debug|Win32.ActiveCfg = Debug|Win32
		{D37774F4-253D-4760-BF64-372A943224A1}.Debug|Win32.Build.0 = Debug|Win32
		{D37774F4-253D-4760-BF64-372A943224A1}.DebugHk460|Win32.ActiveCfg = Debug|Win32
		{D37774F4-253D-4760-BF64-372A943224A1}.DebugHk460|Win32.Build.0 = Debug|Win32
		{D37774F4-253D-4760-BF64-372A943224A1}.DebugMesaHeadless|Win32.ActiveCfg = Debug|Win32
		{D37774F4-253D-4760-BF64-372A943224A1}.DebugMesaHeadless|Win32.Build.0 = Debug|Win32
		{D37774F4-253D-4760-BF64-372A943224A1}.Release|Win32.ActiveCfg = Release|Win32
		{D37774F4-253D-4760-BF64-372A943224A1}.Release|Win32.Build.0 = Release|Win32
		{D37774F4-253D-4760-BF64-372A943224A1}.ReleaseForDownload|Win32.ActiveCfg = Release|Win32
		{D37774F4-253D-4760-BF64-372A943224A1}.ReleaseForDownload|Win32.Build.0 = Release|Win32
		{D37774F4-253D-4760-BF64-372A943224A1}.ReleaseNoOpt|Win32.ActiveCfg = ReleaseNoOpt|Win32
		{D37774F4-253D-4760-BF64-372A943224A1}.ReleaseNoOpt|Win32.Build.0 = ReleaseNoOpt|Win32
		{A5470DA6-0C3A-4602-B930-43DB25511A59}.Debug|Win32.ActiveCfg = Debug|Win32
		{A5470DA6-0C3A-4602-B930-43DB25511A59}.Debug|Win32.Build.0 = Debug|Win32
		{A5470DA6-0C3A-4602-B930-43DB25511A59}.DebugHk460|Win32.ActiveCfg = Debug|Win32
		{A5470DA6-0C3A-4602-B930-43DB25511A59}.DebugHk460|Win32.Build.0 = Debug|Win32
		{A5470DA6-0C3A-4602-B930-43DB25511A59}.DebugMesaHeadless|Win32.ActiveCfg = Debug|Win32
		{A5470DA6-0C3A-4602-B930-43DB25511A59}.DebugMesaHeadless|Win32.Build.0 = Debug|Win32
		{A5470DA6-0C3A-4602-B930-43DB25511A59}.Release|Win32.ActiveCfg = Release|Win32
		{A5470DA6-0C3A-4602-B930-43DB25511A59}.Release|Win32.Build.0 = Release|Win32
		{A5470DA6-0C3A-4602-B930-43DB25511A59}.ReleaseForDownload|Win32.ActiveCfg = Release|Win32
		{A5470DA6-0C3A-4602-B930-43DB25511A59}.ReleaseForDownload|Win32.Build.0 = Release|Win32
		{A5470DA6-0C3A-4602-B930-43DB25511A59}.ReleaseNoOpt|Win32.ActiveCfg = ReleaseNoOpt|Win32
		{A5470DA6-0C3A-4602-B930-43DB25511A59}.ReleaseNoOpt|Win32.Build.0 = ReleaseNoOpt|Win32
		{DE55D666-6A3D-476C-937F-109269B83681}.Debug|Win32.ActiveCfg = Debug|Win32
		{DE55D666-6A3D-476C-937F-109269B83681}.Debug|Win32.Build.0 = Debug|Win32
		{DE55D666-6A3D-476C-937F-109269B83681}.DebugHk460|Win32.ActiveCfg = Debug|Win32
		{DE55D666-6A3D-476C-937F-109269B83681}.DebugHk460|Win32.Build.0 = Debug|Win32
		{DE55D666-6A3D-476C-937F-109269B83681}.DebugMesaHeadless|Win32.ActiveCfg = Debug|Win32
		{DE55D666-6A3D-476C-937F-109269B83681}.DebugMesaHeadless|Win32.Build.0 = Debug|Win32
		{DE55D666-6A3D-476C-937F-109269B83681}.Release|Win32.ActiveCfg = Release|Win32
		{DE55D666-6A3D-476C-937F-109269B83681}.Release|Win32.Build.0 = Release|Win32
		{DE55D666-6A3D-476C-937F-109269B83681}.ReleaseForDownload|Win32.ActiveCfg = Release|Win32
		{DE55D666-6A3D-476C-937F-109269B83681}.ReleaseForDownload|Win32.Build.0 = Release|Win32
		{DE55D666-6A3D-476C-937F-109269B83681}.ReleaseNoOpt|Win32.ActiveCfg = ReleaseNoOpt|Win32
		{DE55D666-6A3D-476C-937F-109269B83681}.ReleaseNoOpt|Win32.Build.0 = ReleaseNoOpt|Win32
		{681FDD6C-2FAE-4CB9-AF6D-B952F2B151C5}.Debug|Win32.ActiveCfg = Debug|Win32
		{681FDD6C-2FAE-4CB9-AF6D-B952F2B151C5}.Debug|Win32.Build.0 = Debug|Win32
		{681FDD6C-2FAE-4CB9-AF6D-B952F2B151C5}.DebugHk460|Win32.ActiveCfg = Debug|Win32
		{681FDD6C-2FAE-4CB9-AF6D-B952F2B151C5}.DebugHk460|Win32.Build.0 = Debug|Win32
		{681FDD6C-2FAE-4CB9-AF6D-B952F2B151C5}.DebugMesaHeadless|Win32.ActiveCfg = Debug|Win32
		{681FDD6C-2FAE-4CB9-AF6D-B952F2B151C5}.DebugMesaHeadless|Win32.Build.0 = Debug|Win32
		{681FDD6C-2FAE-4CB9-AF6D-B952F2B151C5}.Release|Win32.ActiveCfg = Release|Win32
		{681FDD6C-2FAE-4CB9-AF6D-B952F2B151C5}.Release|Win32.Build.0 = Release|Win32
		{681FDD6C-2FAE-4CB9-AF6D-B952F2B151C5}.ReleaseForDownload|Win32.ActiveCfg = Release|Win32
		{681FDD6C-2FAE-4CB9-AF6D-B952F2B151C5}.ReleaseForDownload|Win32.Build.0 = Release|Win32
		{681FDD6C-2FAE-4CB9-AF6D-B952F2B151C5}.ReleaseNoOpt|Win32.ActiveCfg = ReleaseNoOpt|Win32
		{681FDD6C-2FAE-4CB9-AF6D-B952F2B151C5}.ReleaseNoOpt|Win32.Build.0 = ReleaseNoOpt|Win32
		{FCC4483C-5B84-4944-B91F-4589A219BC0B}.Debug|Win32.ActiveCfg = Debug|Win32
		{FCC4483C-5B84-4944-B91F-4589A219BC0B}.Debug|Win32.Build.0 = Debug|Win32
		{FCC4483C-5B84-4944-B91F-4589A219BC0B}.DebugHk460|Win32.ActiveCfg = Debug|Win32
		{FCC4483C-5B84-4944-B91F-4589A219BC0B}.DebugHk460|Win32.Build.0 = Debug|Win32
		{FCC4483C-5B84-4944-B91F-4589A219BC0B}.DebugMesaHeadless|Win32.ActiveCfg = Debug|Win32
		{FCC4483C-5B84-4944-B91F-4589A219BC0B}.DebugMesaHeadless|Win32.Build.0 = Debug|Win32
		{FCC4483C-5B84-4944-B91F-4589A219BC0B}.Release|Win32.ActiveCfg = Release|Win32
		{FCC4483C-5B84-4944-B91F-4589A219BC0B}.Release|Win32.Build.0 = Release|Win32
		{FCC4483C-5B84-4944-B91F-4589A219BC0B}.ReleaseForDownload|Win32.ActiveCfg = Release|Win32
		{FCC4483C-5B84-4944-B91F-4589A219BC0B}.ReleaseForDownload|Win32.Build.0 = Release|Win32
		{FCC4483C-5B84-4944-B91F-4589A219BC0B}.ReleaseNoOpt|Win32.ActiveCfg = ReleaseNoOpt|Win32
		{FCC4483C-5B84-4944-B91F-4589A219BC0B}.ReleaseNoOpt|Win32.Build.0 = ReleaseNoOpt|Win32
		{5EA5DDF0-C7E1-4F49-BEF5-9246A4656B2E}.Debug|Win32.ActiveCfg = Debug|Win32
		{5EA5DDF0-C7E1-4F49-BEF5-9246A4656B2E}.Debug|Win32.Build.0 = Debug|Win32
		{5EA5DDF0-C7E1-4F49-BEF5-9246A4656B2E}.DebugHk460|Win32.ActiveCfg = Debug|Win32
		{5EA5DDF0-C7E1-4F49-BEF5-9246A4656B2E}.DebugHk460|Win32.Build.0 = Debug|Win32
		{5EA5DDF0-C7E1-4F49-BEF5-9246A4656B2E}.DebugMesaHeadless|Win32.ActiveCfg = Debug|Win32
		{5EA5DDF0-C7E1-4F49-BEF5-9246A4656B2E}.DebugMesaHeadless|Win32.Build.0 = Debug|Win32
		{5EA5DDF0-C7E1-4F49-BEF5-9246A4656B2E}.Release|Win32.ActiveCfg = Release|Win32
		{5EA5DDF0-C7E1-4F49-BEF5-9246A4656B2E}.Release|Win32.Build.0 = Release|Win32
		{5EA5DDF0-C7E1-4F49-BEF5-9246A4656B2E}.ReleaseForDownload|Win32.ActiveCfg = Release|Win32
		{5EA5DDF0-C7E1-4F49-BEF5-9246A4656B2E}.ReleaseForDownload|Win32.Build.0 = Release|Win32
		{5EA5DDF0-C7E1-4F49-BEF5-9246A4656B2E}.ReleaseNoOpt|Win32.ActiveCfg = ReleaseNoOpt|Win32
		{5EA5DDF0-C7E1-4F49-BEF5-9246A4656B2E}.ReleaseNoOpt|Win32.Build.0 = ReleaseNoOpt|Win32
		{93B2BA29-FBE9-4376-92C1-6108DCFE09D3}.Debug|Win32.ActiveCfg = Debug|Win32
		{93B2BA29-FBE9-4376-92C1-6108DCFE09D3}.Debug|Win32.Build.0 = Debug|Win32
		{93B2BA29-FBE9-4376-92C1-6108DCFE09D3}.DebugHk460|Win32.ActiveCfg = Debug|Win32
		{93B2BA29-FBE9-4376-92C1-6108DCFE09D3}.DebugHk460|Win32.Build.0 = Debug|Win32
		{93B2BA29-FBE9-4376-92C1-6108DCFE09D3}.DebugMesaHeadless|Win32.ActiveCfg = Debug|Win32
		{93B2BA29-FBE9-4376-92C1-6108DCFE09D3}.DebugMesaHeadless|Win32.Build.0 = Debug|Win32
		{93B2BA29-FBE9-4376-92C1-6108DCFE09D3}.Release|Win32.ActiveCfg = Release|Win32
		{93B2BA29-FBE9-4376-92C1-6108DCFE09D3}.Release|Win32.Build.0 = Release|Win32
		{93B2BA29-FBE9-4376-92C1-6108DCFE09D3}.ReleaseForDownload|Win32.ActiveCfg = Release|Win32
		{93B2BA29-FBE9-4376-92C1-6108DCFE09D3}.ReleaseForDownload|Win32.Build.0 = Release|Win32
		{93B2BA29-FBE9-4376-92C1-6108DCFE09D3}.ReleaseNoOpt|Win32.ActiveCfg = ReleaseNoOpt|Win32
		{93B2BA29-FBE9-4376-92C1-6108DCFE09D3}.ReleaseNoOpt|Win32.Build.0 = ReleaseNoOpt|Win32
		{2ADE3C14-94C4-40BF-B033-70F3C954EE90}.Debug|Win32.ActiveCfg = Debug|Win32
		{2ADE3C14-94C4-40BF-B033-70F3C954EE90}.Debug|Win32.Build.0 = Debug|Win32
		{2ADE3C14-94C4-40BF-B033-70F3C954EE90}.DebugHk460|Win32.ActiveCfg = Debug|Win32
		{2ADE3C14-94C4-40BF-B033-70F3C954EE90}.DebugHk460|Win32.Build.0 = Debug|Win32
		{2ADE3C14-94C4-40BF-B033-70F3C954EE90}.DebugMesaHeadless|Win32.ActiveCfg = Debug|Win32
		{2ADE3C14-94C4-40BF-B033-70F3C954EE90}.DebugMesaHeadless|Win32.Build.0 = Debug|Win32
		{2ADE3C14-94C4-40BF-B033-70F3C954EE90}.Release|Win32.ActiveCfg = Release|Win32
		{2ADE3C14-94C4-40BF-B033-70F3C954EE90}.Release|Win32.Build.0 = Release|Win32
		{2ADE3C14-94C4-40BF-B033-70F3C954EE90}.ReleaseForDownload|Win32.ActiveCfg = Release|Win32
		{2ADE3C14-94C4-40BF-B033-70F3C954EE90}.ReleaseForDownload|Win32.Build.0 = Release|Win32
		{2ADE3C14-94C4-40BF-B033-70F3C954EE90}.ReleaseNoOpt|Win32.ActiveCfg = ReleaseNoOpt|Win32
		{2ADE3C14-94C4-40BF-B033-70F3C954EE90}.ReleaseNoOpt|Win32.Build.0 = ReleaseNoOpt|Win32
		{328D1968-924F-4863-AAE8-5F9A95BA68E5}.Debug|Win32.ActiveCfg = Debug|Win32
		{328D1968-924F-4863-AAE8-5F9A95BA68E5}.Debug|Win32.Build.0 = Debug|Win32
		{328D1968-924F-4863-AAE8-5F9A95BA68E5}.DebugHk460|Win32.ActiveCfg = Debug|Win32
		{328D1968-924F-4863-AAE8-5F9A95BA68E5}.DebugHk460|Win32.Build.0 = Debug|Win32
		{328D1968-924F-4863-AAE8-5F9A95BA68E5}.DebugMesaHeadless|Win32.ActiveCfg = Debug|Win32
		{328D1968-924F-4863-AAE8-5F9A95BA68E5}.DebugMesaHeadless|Win32.Build.0 = Debug|Win32
		{328D1968-924F-4863-AAE8-5F9A95BA68E5}.Release|Win32.ActiveCfg = Release|Win32
		{328D1968-924F-4863-AAE8-5F9A95BA68E5}.Release|Win32.Build.0 = Release|Win32
		{328D1968-924F-4863-AAE8-5F9A95BA68E5}.ReleaseForDownload|Win32.ActiveCfg = Release|Win32
		{328D1968-924F-4863-AAE8-5F9A95BA68E5}.ReleaseForDownload|Win32.Build.0 = Release|Win32
		{328D1968-924F-4863-AAE8-5F9A95BA68E5}.ReleaseNoOpt|Win32.ActiveCfg = ReleaseNoOpt|Win32
		{328D1968-924F-4863-AAE8-5F9A95BA68E5}.ReleaseNoOpt|Win32.Build.0 = ReleaseNoOpt|Win32
		{E6F4CF1B-6109-4CA8-B58D-87FA936CDE08}.Debug|Win32.ActiveCfg = Debug|Win32
		{E6F4CF1B-6109-4CA8-B58D-87FA936CDE08}.Debug|Win32.Build.0 = Debug|Win32
		{E6F4CF1B-6109-4CA8-B58D-87FA936CDE08}.DebugHk460|Win32.ActiveCfg = Debug|Win32
		{E6F4CF1B-6109-4CA8-B58D-87FA936CDE08}.DebugHk460|Win32.Build.0 = Debug|Win32
		{E6F4CF1B-6109-4CA8-B58D-87FA936CDE08}.DebugMesaHeadless|Win32.ActiveCfg = Debug|Win32
		{E6F4CF1B-6109-4CA8-B58D-87FA936CDE08}.DebugMesaHeadless|Win32.Build.0 = Debug|Win32
		{E6F4CF1B-6109-4CA8-B58D-87FA936CDE08}.Release|Win32.ActiveCfg = Release|Win32
		{E6F4CF1B-6109-4CA8-B58D-87FA936CDE08}.Release|Win32.Build.0 = Release|Win32
		{E6F4CF1B-6109-4CA8-B58D-87FA936CDE08}.ReleaseForDownload|Win32.ActiveCfg = ReleaseForDownload|Win32
		{E6F4CF1B-6109-4CA8-B58D-87FA936CDE08}.ReleaseForDownload|Win32.Build.0 = ReleaseForDownload|Win32
		{E6F4CF1B-6109-4CA8-B58D-87FA936CDE08}.ReleaseNoOpt|Win32.ActiveCfg = ReleaseNoOpt|Win32
		{E6F4CF1B-6109-4CA8-B58D-87FA936CDE08}.ReleaseNoOpt|Win32.Build.0 = ReleaseNoOpt|Win32
		{B4B838C7-2C72-428E-BBFD-25764E659A8B}.Debug|Win32.ActiveCfg = Debug|Win32
		{B4B838C7-2C72-428E-BBFD-25764E659A8B}.Debug|Win32.Build.0 = Debug|Win32
		{B4B838C7-2C72-428E-BBFD-25764E659A8B}.DebugHk460|Win32.ActiveCfg = Debug|Win32
		{B4B838C7-2C72-428E-BBFD-25764E659A8B}.DebugHk460|Win32.Build.0 = Debug|Win32
		{B4B838C7-2C72-428E-BBFD-25764E659A8B}.DebugMesaHeadless|Win32.ActiveCfg = Debug|Win32
		{B4B838C7-2C72-428E-BBFD-25764E659A8B}.DebugMesaHeadless|Win32.Build.0 = Debug|Win32
		{B4B838C7-2C72-428E-BBFD-25764E659A8B}.Release|Win32.ActiveCfg = Release|Win32
		{B4B838C7-2C72-428E-BBFD-25764E659A8B}.Release|Win32.Build.0 = Release|Win32
		{B4B838C7-2C72-428E-BBFD-25764E659A8B}.ReleaseForDownload|Win32.ActiveCfg = Release|Win32
		{B4B838C7-2C72-428E-BBFD-25764E659A8B}.ReleaseForDownload|Win32.Build.0 = Release|Win32
		{B4B838C7-2C72-428E-BBFD-25764E659A8B}.ReleaseNoOpt|Win32.ActiveCfg = ReleaseNoOpt|Win32
		{B4B838C7-2C72-428E-BBFD-25764E659A8B}.ReleaseNoOpt|Win32.Build.0 = ReleaseNoOpt|Win32
		{B5B53617-416F-404A-BF10-22EBCCA0E4FB}.Debug|Win32.ActiveCfg = Debug|Win32
		{B5B53617-416F-404A-BF10-22EBCCA0E4FB}.Debug|Win32.Build.0 = Debug|Win32
		{B5B53617-416F-404A-BF10-22EBCCA0E4FB}.DebugHk460|Win32.ActiveCfg = DebugMesaHeadless|Win32
		{B5B53617-416F-404A-BF10-22EBCCA0E4FB}.DebugHk460|Win32.Build.0 = DebugMesaHeadless|Win32
		{B5B53617-416F-404A-BF10-22EBCCA0E4FB}.DebugMesaHeadless|Win32.ActiveCfg = DebugMesaHeadless|Win32
		{B5B53617-416F-404A-BF10-22EBCCA0E4FB}.DebugMesaHeadless|Win32.Build.0 = DebugMesaHeadless|Win32
		{B5B53617-416F-404A-BF10-22EBCCA0E4FB}.Release|Win32.ActiveCfg = Release|Win32
		{B5B53617-416F-404A-BF10-22EBCCA0E4FB}.Release|Win32.Build.0 = Release|Win32
		{B5B53617-416F-404A-BF10-22EBCCA0E4FB}.ReleaseForDownload|Win32.ActiveCfg = Release|Win32
		{B5B53617-416F-404A-BF10-22EBCCA0E4FB}.ReleaseForDownload|Win32.Build.0 = Release|Win32
		{B5B53617-416F-404A-BF10-22EBCCA0E4FB}.ReleaseNoOpt|Win32.ActiveCfg = ReleaseNoOpt|Win32
		{B5B53617-416F-404A-BF10-22EBCCA0E4FB}.ReleaseNoOpt|Win32.Build.0 = ReleaseNoOpt|Win32
		{BFA102B0-C891-4E13-B1CF-C2F28073DA8E}.Debug|Win32.ActiveCfg = Debug|Win32
		{BFA102B0-C891-4E13-B1CF-C2F28073DA8E}.Debug|Win32.Build.0 = Debug|Win32
		{BFA102B0-C891-4E13-B1CF-C2F28073DA8E}.DebugHk460|Win32.ActiveCfg = Debug|Win32
		{BFA102B0-C891-4E13-B1CF-C2F28073DA8E}.DebugHk460|Win32.Build.0 = Debug|Win32
		{BFA102B0-C891-4E13-B1CF-C2F28073DA8E}.DebugMesaHeadless|Win32.ActiveCfg = Debug|Win32
		{BFA102B0-C891-4E13-B1CF-C2F28073DA8E}.DebugMesaHeadless|Win32.Build.0 = Debug|Win32
		{BFA102B0-C891-4E13-B1CF-C2F28073DA8E}.Release|Win32.ActiveCfg = Release|Win32
		{BFA102B0-C891-4E13-B1CF-C2F28073DA8E}.Release|Win32.Build.0 = Release|Win32
		{BFA102B0-C891-4E13-B1CF-C2F28073DA8E}.ReleaseForDownload|Win32.ActiveCfg = Release|Win32
		{BFA102B0-C891-4E13-B1CF-C2F28073DA8E}.ReleaseForDownload|Win32.Build.0 = Release|Win32
		{BFA102B0-C891-4E13-B1CF-C2F28073DA8E}.ReleaseNoOpt|Win32.ActiveCfg = ReleaseNoOpt|Win32
		{BFA102B0-C891-4E13-B1CF-C2F28073DA8E}.ReleaseNoOpt|Win32.Build.0 = ReleaseNoOpt|Win32
		{F882263E-4F2A-43D9-A45A-FA4C8EC66552}.Debug|Win32.ActiveCfg = Debug|Win32
		{F882263E-4F2A-43D9-A45A-FA4C8EC66552}.Debug|Win32.Build.0 = Debug|Win32
		{F882263E-4F2A-43D9-A45A-FA4C8EC66552}.DebugHk460|Win32.ActiveCfg = Debug|Win32
		{F882263E-4F2A-43D9-A45A-FA4C8EC66552}.DebugHk460|Win32.Build.0 = Debug|Win32
		{F882263E-4F2A-43D9-A45A-FA4C8EC66552}.DebugMesaHeadless|Win32.ActiveCfg = Debug|Win32
		{F882263E-4F2A-43D9-A45A-FA4C8EC66552}.DebugMesaHeadless|Win32.Build.0 = Debug|Win32
		{F882263E-4F2A-43D9-A45A-FA4C8EC66552}.Release|Win32.ActiveCfg = Release|Win32
		{F882263E-4F2A-43D9-A45A-FA4C8EC66552}.Release|Win32.Build.0 = Release|Win32
		{F882263E-4F2A-43D9-A45A-FA4C8EC66552}.ReleaseForDownload|Win32.ActiveCfg = Release|Win32
		{F882263E-4F2A-43D9-A45A-FA4C8EC66552}.ReleaseForDownload|Win32.Build.0 = Release|Win32
		{F882263E-4F2A-43D9-A45A-FA4C8EC66552}.ReleaseNoOpt|Win32.ActiveCfg = ReleaseNoOpt|Win32
		{F882263E-4F2A-43D9-A45A-FA4C8EC66552}.ReleaseNoOpt|Win32.Build.0 = ReleaseNoOpt|Win32
		{44CE6D82-7320-4609-8FC3-5965C19F4808}.Debug|Win32.ActiveCfg = Debug|Win32
		{44CE6D82-7320-4609-8FC3-5965C19F4808}.Debug|Win32.Build.0 = Debug|Win32
		{44CE6D82-7320-4609-8FC3-5965C19F4808}.DebugHk460|Win32.ActiveCfg = Debug|Win32
		{44CE6D82-7320-4609-8FC3-5965C19F4808}.DebugHk460|Win32.Build.0 = Debug|Win32
		{44CE6D82-7320-4609-8FC3-5965C19F4808}.DebugMesaHeadless|Win32.ActiveCfg = Debug|Win32
		{44CE6D82-7320-4609-8FC3-5965C19F4808}.DebugMesaHeadless|Win32.Build.0 = Debug|Win32
		{44CE6D82-7320-4609-8FC3-5965C19F4808}.Release|Win32.ActiveCfg = Release|Win32
		{44CE6D82-7320-4609-8FC3-5965C19F4808}.Release|Win32.Build.0 = Release|Win32
		{44CE6D82-7320-4609-8FC3-5965C19F4808}.ReleaseForDownload|Win32.ActiveCfg = Release|Win32
		{44CE6D82-7320-4609-8FC3-5965C19F4808}.ReleaseForDownload|Win32.Build.0 = Release|Win32
		{44CE6D82-7320-4609-8FC3-5965C19F4808}.ReleaseNoOpt|Win32.ActiveCfg = ReleaseNoOpt|Win32
		{44CE6D82-7320-4609-8FC3-5965C19F4808}.ReleaseNoOpt|Win32.Build.0 = ReleaseNoOpt|Win32
		{D0FDC1C3-A589-40F2-ABCA-A84FF3835624}.Debug|Win32.ActiveCfg = Debug|Win32
		{D0FDC1C3-A589-40F2-ABCA-A84FF3835624}.Debug|Win32.Build.0 = Debug|Win32
		{D0FDC1C3-A589-40F2-ABCA-A84FF3835624}.DebugHk460|Win32.ActiveCfg = Debug|Win32
		{D0FDC1C3-A589-40F2-ABCA-A84FF3835624}.DebugHk460|Win32.Build.0 = Debug|Win32
		{D0FDC1C3-A589-40F2-ABCA-A84FF3835624}.DebugMesaHeadless|Win32.ActiveCfg = Debug|Win32
		{D0FDC1C3-A589-40F2-ABCA-A84FF3835624}.DebugMesaHeadless|Win32.Build.0 = Debug|Win32
		{D0FDC1C3-A589-40F2-ABCA-A84FF3835624}.Release|Win32.ActiveCfg = Release|Win32
		{D0FDC1C3-A589-40F2-ABCA-A84FF3835624}.Release|Win32.Build.0 = Release|Win32
		{D0FDC1C3-A589-40F2-ABCA-A84FF3835624}.ReleaseForDownload|Win32.ActiveCfg = Release|Win32
		{D0FDC1C3-A589-40F2-ABCA-A84FF3835624}.ReleaseForDownload|Win32.Build.0 = Release|Win32
		{D0FDC1C3-A589-40F2-ABCA-A84FF3835624}.ReleaseNoOpt|Win32.ActiveCfg = ReleaseNoOpt|Win32
		{D0FDC1C3-A589-40F2-ABCA-A84FF3835624}.ReleaseNoOpt|Win32.Build.0 = ReleaseNoOpt|Win32
		{C6CA76F5-DCB4-4789-BBA7-43D11EE7C8E2}.Debug|Win32.ActiveCfg = Debug|Win32
		{C6CA76F5-DCB4-4789-BBA7-43D11EE7C8E2}.Debug|Win32.Build.0 = Debug|Win32
		{C6CA76F5-DCB4-4789-BBA7-43D11EE7C8E2}.DebugHk460|Win32.ActiveCfg = Debug|Win32
		{C6CA76F5-DCB4-4789-BBA7-43D11EE7C8E2}.DebugHk460|Win32.Build.0 = Debug|Win32
		{C6CA76F5-DCB4-4789-BBA7-43D11EE7C8E2}.DebugMesaHeadless|Win32.ActiveCfg = Debug|Win32
		{C6CA76F5-DCB4-4789-BBA7-43D11EE7C8E2}.DebugMesaHeadless|Win32.Build.0 = Debug|Win32
		{C6CA76F5-DCB4-4789-BBA7-43D11EE7C8E2}.Release|Win32.ActiveCfg = Release|Win32
		{C6CA76F5-DCB4-4789-BBA7-43D11EE7C8E2}.Release|Win32.Build.0 = Release|Win32
		{C6CA76F5-DCB4-4789-BBA7-43D11EE7C8E2}.ReleaseForDownload|Win32.ActiveCfg = Release|Win32
		{C6CA76F5-DCB4-4789-BBA7-43D11EE7C8E2}.ReleaseForDownload|Win32.Build.0 = Release|Win32
		{C6CA76F5-DCB4-4789-BBA7-43D11EE7C8E2}.ReleaseNoOpt|Win32.ActiveCfg = ReleaseNoOpt|Win32
		{C6CA76F5-DCB4-4789-BBA7-43D11EE7C8E2}.ReleaseNoOpt|Win32.Build.0 = ReleaseNoOpt|Win32
		{A5504A1E-8BA4-45D2-8144-1B6937E37E98}.Debug|Win32.ActiveCfg = Debug|Win32
		{A5504A1E-8BA4-45D2-8144-1B6937E37E98}.Debug|Win32.Build.0 = Debug|Win32
		{A5504A1E-8BA4-45D2-8144-1B6937E37E98}.DebugHk460|Win32.ActiveCfg = Debug|Win32
		{A5504A1E-8BA4-45D2-8144-1B6937E37E98}.DebugHk460|Win32.Build.0 = Debug|Win32
		{A5504A1E-8BA4-45D2-8144-1B6937E37E98}.DebugMesaHeadless|Win32.ActiveCfg = Debug|Win32
		{A5504A1E-8BA4-45D2-8144-1B6937E37E98}.DebugMesaHeadless|Win32.Build.0 = Debug|Win32
		{A5504A1E-8BA4-45D2-8144-1B6937E37E98}.Release|Win32.ActiveCfg = Release|Win32
		{A5504A1E-8BA4-45D2-8144-1B6937E37E98}.Release|Win32.Build.0 = Release|Win32
		{A5504A1E-8BA4-45D2-8144-1B6937E37E98}.ReleaseForDownload|Win32.ActiveCfg = Release|Win32
		{A5504A1E-8BA4-45D2-8144-1B6937E37E98}.ReleaseForDownload|Win32.Build.0 = Release|Win32
		{A5504A1E-8BA4-45D2-8144-1B6937E37E98}.ReleaseNoOpt|Win32.ActiveCfg = ReleaseNoOpt|Win32
		{A5504A1E-8BA4-45D2-8144-1B6937E37E98}.ReleaseNoOpt|Win32.Build.0 = ReleaseNoOpt|Win32
		{777F38BE-2DFE-4051-9AAD-2832ABC474CC}.Debug|Win32.ActiveCfg = Debug|Win32
		{777F38BE-2DFE-4051-9AAD-2832ABC474CC}.Debug|Win32.Build.0 = Debug|Win32
		{777F38BE-2DFE-4051-9AAD-2832ABC474CC}.DebugHk460|Win32.ActiveCfg = Debug|Win32
		{777F38BE-2DFE-4051-9AAD-2832ABC474CC}.DebugHk460|Win32.Build.0 = Debug|Win32
		{777F38BE-2DFE-4051-9AAD-2832ABC474CC}.DebugMesaHeadless|Win32.ActiveCfg = Debug|Win32
		{777F38BE-2DFE-4051-9AAD-2832ABC474CC}.DebugMesaHeadless|Win32.Build.0 = Debug|Win32
		{777F38BE-2DFE-4051-9AAD-2832ABC474CC}.Release|Win32.ActiveCfg = Release|Win32
		{777F38BE-2DFE-4051-9AAD-2832ABC474CC}.Release|Win32.Build.0 = Release|Win32
		{777F38BE-2DFE-4051-9AAD-2832ABC474CC}.ReleaseForDownload|Win32.ActiveCfg = Release|Win32
		{777F38BE-2DFE-4051-9AAD-2832ABC474CC}.ReleaseNoOpt|Win32.ActiveCfg = Release|Win32
		{777F38BE-2DFE-4051-9AAD-2832ABC474CC}.ReleaseNoOpt|Win32.Build.0 = Release|Win32
		{EC2A989E-3F8F-4B8B-9AE6-7C7EA37C84BC}.Debug|Win32.ActiveCfg = Debug|Win32
		{EC2A989E-3F8F-4B8B-9AE6-7C7EA37C84BC}.Debug|Win32.Build.0 = Debug|Win32
		{EC2A989E-3F8F-4B8B-9AE6-7C7EA37C84BC}.DebugHk460|Win32.ActiveCfg = Debug|Win32
		{EC2A989E-3F8F-4B8B-9AE6-7C7EA37C84BC}.DebugHk460|Win32.Build.0 = Debug|Win32
		{EC2A989E-3F8F-4B8B-9AE6-7C7EA37C84BC}.DebugMesaHeadless|Win32.ActiveCfg = Debug|Win32
		{EC2A989E-3F8F-4B8B-9AE6-7C7EA37C84BC}.DebugMesaHeadless|Win32.Build.0 = Debug|Win32
		{EC2A989E-3F8F-4B8B-9AE6-7C7EA37C84BC}.Release|Win32.ActiveCfg = Release|Win32
		{EC2A989E-3F8F-4B8B-9AE6-7C7EA37C84BC}.Release|Win32.Build.0 = Release|Win32
		{EC2A989E-3F8F-4B8B-9AE6-7C7EA37C84BC}.ReleaseForDownload|Win32.ActiveCfg = Release|Win32
		{EC2A989E-3F8F-4B8B-9AE6-7C7EA37C84BC}.ReleaseNoOpt|Win32.ActiveCfg = Release|Win32
		{EC2A989E-3F8F-4B8B-9AE6-7C7EA37C84BC}.ReleaseNoOpt|Win32.Build.0 = Release|Win32
		{648685F3-8760-4CC5-BB2B-CAF9DECC25A4}.Debug|Win32.ActiveCfg = Debug|Win32
		{648685F3-8760-4CC5-BB2B-CAF9DECC25A4}.Debug|Win32.Build.0 = Debug|Win32
		{648685F3-8760-4CC5-BB2B-CAF9DECC25A4}.DebugHk460|Win32.ActiveCfg = Debug|Win32
		{648685F3-8760-4CC5-BB2B-CAF9DECC25A4}.DebugHk460|Win32.Build.0 = Debug|Win32
		{648685F3-8760-4CC5-BB2B-CAF9DECC25A4}.DebugMesaHeadless|Win32.ActiveCfg = Debug|Win32
		{648685F3-8760-4CC5-BB2B-CAF9DECC25A4}.DebugMesaHeadless|Win32.Build.0 = Debug|Win32
		{648685F3-8760-4CC5-BB2B-CAF9DECC25A4}.Release|Win32.ActiveCfg = Release|Win32
		{648685F3-8760-4CC5-BB2B-CAF9DECC25A4}.Release|Win32.Build.0 = Release|Win32
		{648685F3-8760-4CC5-BB2B-CAF9DECC25A4}.ReleaseForDownload|Win32.ActiveCfg = Release|Win32
		{648685F3-8760-4CC5-BB2B-CAF9DECC25A4}.ReleaseForDownload|Win32.Build.0 = Release|Win32
		{648685F3-8760-4CC5-BB2B-CAF9DECC25A4}.ReleaseNoOpt|Win32.ActiveCfg = ReleaseNoOpt|Win32
		{E928F33B-E090-4FA8-818B-6B5D8B0F1F4B}.Debug|Win32.ActiveCfg = Debug|Win32
		{E928F33B-E090-4FA8-818B-6B5D8B0F1F4B}.Debug|Win32.Build.0 = Debug|Win32
		{E928F33B-E090-4FA8-818B-6B5D8B0F1F4B}.DebugHk460|Win32.ActiveCfg = Debug|Win32
		{E928F33B-E090-4FA8-818B-6B5D8B0F1F4B}.DebugHk460|Win32.Build.0 = Debug|Win32
		{E928F33B-E090-4FA8-818B-6B5D8B0F1F4B}.DebugMesaHeadless|Win32.ActiveCfg = Debug|Win32
		{E928F33B-E090-4FA8-818B-6B5D8B0F1F4B}.DebugMesaHeadless|Win32.Build.0 = Debug|Win32
		{E928F33B-E090-4FA8-818B-6B5D8B0F1F4B}.Release|Win32.ActiveCfg = Release|Win32
		{E928F33B-E090-4FA8-818B-6B5D8B0F1F4B}.Release|Win32.Build.0 = Release|Win32
		{E928F33B-E090-4FA8-818B-6B5D8B0F1F4B}.ReleaseForDownload|Win32.ActiveCfg = Release|Win32
		{E928F33B-E090-4FA8-818B-6B5D8B0F1F4B}.ReleaseForDownload|Win32.Build.0 = Release|Win32
		{E928F33B-E090-4FA8-818B-6B5D8B0F1F4B}.ReleaseNoOpt|Win32.ActiveCfg = ReleaseNoOpt|Win32
		{E928F33B-E090-4FA8-818B-6B5D8B0F1F4B}.ReleaseNoOpt|Win32.Build.0 = ReleaseNoOpt|Win32
		{F56CA265-93E9-4068-8A67-8B104C876D70}.Debug|Win32.ActiveCfg = Debug|Win32
		{F56CA265-93E9-4068-8A67-8B104C876D70}.DebugHk460|Win32.ActiveCfg = Debug|Win32
		{F56CA265-93E9-4068-8A67-8B104C876D70}.DebugHk460|Win32.Build.0 = Debug|Win32
		{F56CA265-93E9-4068-8A67-8B104C876D70}.DebugMesaHeadless|Win32.ActiveCfg = Debug|Win32
		{F56CA265-93E9-4068-8A67-8B104C876D70}.DebugMesaHeadless|Win32.Build.0 = Debug|Win32
		{F56CA265-93E9-4068-8A67-8B104C876D70}.Release|Win32.ActiveCfg = Release|Win32
		{F56CA265-93E9-4068-8A67-8B104C876D70}.ReleaseForDownload|Win32.ActiveCfg = Release|Win32
		{F56CA265-93E9-4068-8A67-8B104C876D70}.ReleaseNoOpt|Win32.ActiveCfg = ReleaseNoOpt|Win32
		{9D0C7E02-6506-4EE7-BC5C-75671D28D594}.Debug|Win32.ActiveCfg = Debug|Win32
		{9D0C7E02-6506-4EE7-BC5C-75671D28D594}.Debug|Win32.Build.0 = Debug|Win32
		{9D0C7E02-6506-4EE7-BC5C-75671D28D594}.DebugHk460|Win32.ActiveCfg = Debug|Win32
		{9D0C7E02-6506-4EE7-BC5C-75671D28D594}.DebugHk460|Win32.Build.0 = Debug|Win32
		{9D0C7E02-6506-4EE7-BC5C-75671D28D594}.DebugMesaHeadless|Win32.ActiveCfg = Debug|Win32
		{9D0C7E02-6506-4EE7-BC5C-75671D28D594}.DebugMesaHeadless|Win32.Build.0 = Debug|Win32
		{9D0C7E02-6506-4EE7-BC5C-75671D28D594}.Release|Win32.ActiveCfg = Release|Win32
		{9D0C7E02-6506-4EE7-BC5C-75671D28D594}.Release|Win32.Build.0 = Release|Win32
		{9D0C7E02-6506-4EE7-BC5C-75671D28D594}.ReleaseForDownload|Win32.ActiveCfg = Release|Win32
		{9D0C7E02-6506-4EE7-BC5C-75671D28D594}.ReleaseForDownload|Win32.Build.0 = Release|Win32
		{9D0C7E02-6506-4EE7-BC5C-75671D28D594}.ReleaseNoOpt|Win32.ActiveCfg = ReleaseNoOpt|Win32
		{9D0C7E02-6506-4EE7-BC5C-75671D28D594}.ReleaseNoOpt|Win32.Build.0 = ReleaseNoOpt|Win32
		{4B19F64E-AB97-4FB9-8E1D-74A8104DE0C4}.Debug|Win32.ActiveCfg = Debug|Win32
		{4B19F64E-AB97-4FB9-8E1D-74A8104DE0C4}.Debug|Win32.Build.0 = Debug|Win32
		{4B19F64E-AB97-4FB9-8E1D-74A8104DE0C4}.DebugHk460|Win32.ActiveCfg = Debug|Win32
		{4B19F64E-AB97-4FB9-8E1D-74A8104DE0C4}.DebugHk460|Win32.Build.0 = Debug|Win32
		{4B19F64E-AB97-4FB9-8E1D-74A8104DE0C4}.DebugMesaHeadless|Win32.ActiveCfg = Debug|Win32
		{4B19F64E-AB97-4FB9-8E1D-74A8104DE0C4}.DebugMesaHeadless|Win32.Build.0 = Debug|Win32
		{4B19F64E-AB97-4FB9-8E1D-74A8104DE0C4}.Release|Win32.ActiveCfg = Release|Win32
		{4B19F64E-AB97-4FB9-8E1D-74A8104DE0C4}.Release|Win32.Build.0 = Release|Win32
		{4B19F64E-AB97-4FB9-8E1D-74A8104DE0C4}.ReleaseForDownload|Win32.ActiveCfg = Release|Win32
		{4B19F64E-AB97-4FB9-8E1D-74A8104DE0C4}.ReleaseForDownload|Win32.Build.0 = Release|Win32
		{4B19F64E-AB97-4FB9-8E1D-74A8104DE0C4}.ReleaseNoOpt|Win32.ActiveCfg = ReleaseNoOpt|Win32
		{4B19F64E-AB97-4FB9-8E1D-74A8104DE0C4}.ReleaseNoOpt|Win32.Build.0 = ReleaseNoOpt|Win32
		{BBAA6588-CA96-4A87-A988-B02270B8D02B}.Debug|Win32.ActiveCfg = Debug|Win32
		{BBAA6588-CA96-4A87-A988-B02270B8D02B}.Debug|Win32.Build.0 = Debug|Win32
		{BBAA6588-CA96-4A87-A988-B02270B8D02B}.DebugHk460|Win32.ActiveCfg = Debug|Win32
		{BBAA6588-CA96-4A87-A988-B02270B8D02B}.DebugHk460|Win32.Build.0 = Debug|Win32
		{BBAA6588-CA96-4A87-A988-B02270B8D02B}.DebugMesaHeadless|Win32.ActiveCfg = Debug|Win32
		{BBAA6588-CA96-4A87-A988-B02270B8D02B}.DebugMesaHeadless|Win32.Build.0 = Debug|Win32
		{BBAA6588-CA96-4A87-A988-B02270B8D02B}.Release|Win32.ActiveCfg = Release|Win32
		{BBAA6588-CA96-4A87-A988-B02270B8D02B}.Release|Win32.Build.0 = Release|Win32
		{BBAA6588-CA96-4A87-A988-B02270B8D02B}.ReleaseForDownload|Win32.ActiveCfg = Release|Win32
		{BBAA6588-CA96-4A87-A988-B02270B8D02B}.ReleaseNoOpt|Win32.ActiveCfg = ReleaseNoOpt|Win32
		{BBAA6588-CA96-4A87-A988-B02270B8D02B}.ReleaseNoOpt|Win32.Build.0 = ReleaseNoOpt|Win32
		{E9F5BD55-F8E8-4C61-B9B5-CCE7C1048241}.Debug|Win32.ActiveCfg = Debug|Win32
		{E9F5BD55-F8E8-4C61-B9B5-CCE7C1048241}.Debug|Win32.Build.0 = Debug|Win32
		{E9F5BD55-F8E8-4C61-B9B5-CCE7C1048241}.DebugHk460|Win32.ActiveCfg = Debug|Win32
		{E9F5BD55-F8E8-4C61-B9B5-CCE7C1048241}.DebugHk460|Win32.Build.0 = Debug|Win32
		{E9F5BD55-F8E8-4C61-B9B5-CCE7C1048241}.DebugMesaHeadless|Win32.ActiveCfg = Debug|Win32
		{E9F5BD55-F8E8-4C61-B9B5-CCE7C1048241}.DebugMesaHeadless|Win32.Build.0 = Debug|Win32
		{E9F5BD55-F8E8-4C61-B9B5-CCE7C1048241}.Release|Win32.ActiveCfg = Release|Win32
		{E9F5BD55-F8E8-4C61-B9B5-CCE7C1048241}.Release|Win32.Build.0 = Release|Win32
		{E9F5BD55-F8E8-4C61-B9B5-CCE7C1048241}.ReleaseForDownload|Win32.ActiveCfg = Release|Win32
		{E9F5BD55-F8E8-4C61-B9B5-CCE7C1048241}.ReleaseForDownload|Win32.Build.0 = Release|Win32
		{E9F5BD55-F8E8-4C61-B9B5-CCE7C1048241}.ReleaseNoOpt|Win32.ActiveCfg = ReleaseNoOpt|Win32
		{E9F5BD55-F8E8-4C61-B9B5-CCE7C1048241}.ReleaseNoOpt|Win32.Build.0 = ReleaseNoOpt|Win32
		{6AEE004D-BFE8-4082-B4D3-E51163B01EEB}.Debug|Win32.ActiveCfg = Debug|Win32
		{6AEE004D-BFE8-4082-B4D3-E51163B01EEB}.Debug|Win32.Build.0 = Debug|Win32
		{6AEE004D-BFE8-4082-B4D3-E51163B01EEB}.DebugHk460|Win32.ActiveCfg = Debug|Win32
		{6AEE004D-BFE8-4082-B4D3-E51163B01EEB}.DebugHk460|Win32.Build.0 = Debug|Win32
		{6AEE004D-BFE8-4082-B4D3-E51163B01EEB}.DebugMesaHeadless|Win32.ActiveCfg = Debug|Win32
		{6AEE004D-BFE8-4082-B4D3-E51163B01EEB}.DebugMesaHeadless|Win32.Build.0 = Debug|Win32
		{6AEE004D-BFE8-4082-B4D3-E51163B01EEB}.Release|Win32.ActiveCfg = Release|Win32
		{6AEE004D-BFE8-4082-B4D3-E51163B01EEB}.Release|Win32.Build.0 = Release|Win32
		{6AEE004D-BFE8-4082-B4D3-E51163B01EEB}.ReleaseForDownload|Win32.ActiveCfg = Release|Win32
		{6AEE004D-BFE8-4082-B4D3-E51163B01EEB}.ReleaseForDownload|Win32.Build.0 = Release|Win32
		{6AEE004D-BFE8-4082-B4D3-E51163B01EEB}.ReleaseNoOpt|Win32.ActiveCfg = ReleaseNoOpt|Win32
		{6AEE004D-BFE8-4082-B4D3-E51163B01EEB}.ReleaseNoOpt|Win32.Build.0 = ReleaseNoOpt|Win32
		{076DD042-2E58-42EA-9401-53210B65C1FC}.Debug|Win32.ActiveCfg = Debug|Win32
		{076DD042-2E58-42EA-9401-53210B65C1FC}.Debug|Win32.Build.0 = Debug|Win32
		{076DD042-2E58-42EA-9401-53210B65C1FC}.DebugHk460|Win32.ActiveCfg = Debug|Win32
		{076DD042-2E58-42EA-9401-53210B65C1FC}.DebugHk460|Win32.Build.0 = Debug|Win32
		{076DD042-2E58-42EA-9401-53210B65C1FC}.DebugMesaHeadless|Win32.ActiveCfg = Debug|Win32
		{076DD042-2E58-42EA-9401-53210B65C1FC}.DebugMesaHeadless|Win32.Build.0 = Debug|Win32
		{076DD042-2E58-42EA-9401-53210B65C1FC}.Release|Win32.ActiveCfg = Release|Win32
		{076DD042-2E58-42EA-9401-53210B65C1FC}.Release|Win32.Build.0 = Release|Win32
		{076DD042-2E58-42EA-9401-53210B65C1FC}.ReleaseForDownload|Win32.ActiveCfg = Release|Win32
		{076DD042-2E58-42EA-9401-53210B65C1FC}.ReleaseForDownload|Win32.Build.0 = Release|Win32
		{076DD042-2E58-42EA-9401-53210B65C1FC}.ReleaseNoOpt|Win32.ActiveCfg = ReleaseNoOpt|Win32
		{076DD042-2E58-42EA-9401-53210B65C1FC}.ReleaseNoOpt|Win32.Build.0 = ReleaseNoOpt|Win32
		{AF2D801E-EEE7-4B52-A025-F8E648ADC34B}.Debug|Win32.ActiveCfg = Debug|Win32
		{AF2D801E-EEE7-4B52-A025-F8E648ADC34B}.Debug|Win32.Build.0 = Debug|Win32
		{AF2D801E-EEE7-4B52-A025-F8E648ADC34B}.DebugHk460|Win32.ActiveCfg = Debug|Win32
		{AF2D801E-EEE7-4B52-A025-F8E648ADC34B}.DebugHk460|Win32.Build.0 = Debug|Win32
		{AF2D801E-EEE7-4B52-A025-F8E648ADC34B}.DebugMesaHeadless|Win32.ActiveCfg = Debug|Win32
		{AF2D801E-EEE7-4B52-A025-F8E648ADC34B}.DebugMesaHeadless|Win32.Build.0 = Debug|Win32
		{AF2D801E-EEE7-4B52-A025-F8E648ADC34B}.Release|Win32.ActiveCfg = Release|Win32
		{AF2D801E-EEE7-4B52-A025-F8E648ADC34B}.Release|Win32.Build.0 = Release|Win32
		{AF2D801E-EEE7-4B52-A025-F8E648ADC34B}.ReleaseForDownload|Win32.ActiveCfg = Release|Win32
		{AF2D801E-EEE7-4B52-A025-F8E648ADC34B}.ReleaseForDownload|Win32.Build.0 = Release|Win32
		{AF2D801E-EEE7-4B52-A025-F8E648ADC34B}.ReleaseNoOpt|Win32.ActiveCfg = ReleaseNoOpt|Win32
		{AF2D801E-EEE7-4B52-A025-F8E648ADC34B}.ReleaseNoOpt|Win32.Build.0 = ReleaseNoOpt|Win32
		{4C8D64D5-649F-481E-96BE-EF1E82A77ACB}.Debug|Win32.ActiveCfg = Debug|Win32
		{4C8D64D5-649F-481E-96BE-EF1E82A77ACB}.Debug|Win32.Build.0 = Debug|Win32
		{4C8D64D5-649F-481E-96BE-EF1E82A77ACB}.DebugHk460|Win32.ActiveCfg = Debug|Win32
		{4C8D64D5-649F-481E-96BE-EF1E82A77ACB}.DebugHk460|Win32.Build.0 = Debug|Win32
		{4C8D64D5-649F-481E-96BE-EF1E82A77ACB}.DebugMesaHeadless|Win32.ActiveCfg = Debug|Win32
		{4C8D64D5-649F-481E-96BE-EF1E82A77ACB}.DebugMesaHeadless|Win32.Build.0 = Debug|Win32
		{4C8D64D5-649F-481E-96BE-EF1E82A77ACB}.Release|Win32.ActiveCfg = Release|Win32
		{4C8D64D5-649F-481E-96BE-EF1E82A77ACB}.Release|Win32.Build.0 = Release|Win32
		{4C8D64D5-649F-481E-96BE-EF1E82A77ACB}.ReleaseForDownload|Win32.ActiveCfg = Release|Win32
		{4C8D64D5-649F-481E-96BE-EF1E82A77ACB}.ReleaseForDownload|Win32.Build.0 = Release|Win32
		{4C8D64D5-649F-481E-96BE-EF1E82A77ACB}.ReleaseNoOpt|Win32.ActiveCfg = ReleaseNoOpt|Win32
		{4C8D64D5-649F-481E-96BE-EF1E82A77ACB}.ReleaseNoOpt|Win32.Build.0 = ReleaseNoOpt|Win32
		{B771CF1B-E253-47BD-8B0A-6B0440CC9228}.Debug|Win32.ActiveCfg = Debug|Win32
		{B771CF1B-E253-47BD-8B0A-6B0440CC9228}.Debug|Win32.Build.0 = Debug|Win32
		{B771CF1B-E253-47BD-8B0A-6B0440CC9228}.DebugHk460|Win32.ActiveCfg = Debug|Win32
		{B771CF1B-E253-47BD-8B0A-6B0440CC9228}.DebugHk460|Win32.Build.0 = Debug|Win32
		{B771CF1B-E253-47BD-8B0A-6B0440CC9228}.DebugMesaHeadless|Win32.ActiveCfg = Debug|Win32
		{B771CF1B-E253-47BD-8B0A-6B0440CC9228}.DebugMesaHeadless|Win32.Build.0 = Debug|Win32
		{B771CF1B-E253-47BD-8B0A-6B0440CC9228}.Release|Win32.ActiveCfg = Release|Win32
		{B771CF1B-E253-47BD-8B0A-6B0440CC9228}.Release|Win32.Build.0 = Release|Win32
		{B771CF1B-E253-47BD-8B0A-6B0440CC9228}.ReleaseForDownload|Win32.ActiveCfg = Release|Win32
		{B771CF1B-E253-47BD-8B0A-6B0440CC9228}.ReleaseForDownload|Win32.Build.0 = Release|Win32
		{B771CF1B-E253-47BD-8B0A-6B0440CC9228}.ReleaseNoOpt|Win32.ActiveCfg = Release|Win32
		{B771CF1B-E253-47BD-8B0A-6B0440CC9228}.ReleaseNoOpt|Win32.Build.0 = Release|Win32
		{020311F7-3DAB-4D93-9CE5-6D3926FD15FE}.Debug|Win32.ActiveCfg = Debug|Win32
		{020311F7-3DAB-4D93-9CE5-6D3926FD15FE}.Debug|Win32.Build.0 = Debug|Win32
		{020311F7-3DAB-4D93-9CE5-6D3926FD15FE}.DebugHk460|Win32.ActiveCfg = DebugHk460|Win32
		{020311F7-3DAB-4D93-9CE5-6D3926FD15FE}.DebugHk460|Win32.Build.0 = DebugHk460|Win32
		{020311F7-3DAB-4D93-9CE5-6D3926FD15FE}.DebugMesaHeadless|Win32.ActiveCfg = DebugHk460|Win32
		{020311F7-3DAB-4D93-9CE5-6D3926FD15FE}.DebugMesaHeadless|Win32.Build.0 = DebugHk460|Win32
		{020311F7-3DAB-4D93-9CE5-6D3926FD15FE}.Release|Win32.ActiveCfg = Release|Win32
		{020311F7-3DAB-4D93-9CE5-6D3926FD15FE}.Release|Win32.Build.0 = Release|Win32
		{020311F7-3DAB-4D93-9CE5-6D3926FD15FE}.ReleaseForDownload|Win32.ActiveCfg = Release|Win32
		{020311F7-3DAB-4D93-9CE5-6D3926FD15FE}.ReleaseForDownload|Win32.Build.0 = Release|Win32
		{020311F7-3DAB-4D93-9CE5-6D3926FD15FE}.ReleaseNoOpt|Win32.ActiveCfg = ReleaseNoOpt|Win32
		{020311F7-3DAB-4D93-9CE5-6D3926FD15FE}.ReleaseNoOpt|Win32.Build.0 = ReleaseNoOpt|Win32
	EndGlobalSection
	GlobalSection(SolutionProperties) = preSolution
		HideSolutionNode = FALSE
	EndGlobalSection
EndGlobal
